// !$*UTF8*$!
{
	archiveVersion = 1;
	classes = {
	};
	objectVersion = 60;
	objects = {

/* Begin PBXBuildFile section */
		04D6C92C2D686F7E00E74108 /* ContentsquareBundle.bundle in Resources */ = {isa = PBXBuildFile; fileRef = 04D6C92B2D686F7E00E74108 /* ContentsquareBundle.bundle */; };
		2E5623F32B5FC3BA009A0C73 /* CSCrashReporter.xcframework in Frameworks */ = {isa = PBXBuildFile; fileRef = 2E5623F22B5FC3BA009A0C73 /* CSCrashReporter.xcframework */; };
		2E5623F42B5FC3BA009A0C73 /* CSCrashReporter.xcframework in Embed Frameworks */ = {isa = PBXBuildFile; fileRef = 2E5623F22B5FC3BA009A0C73 /* CSCrashReporter.xcframework */; settings = {ATTRIBUTES = (CodeSignOnCopy, RemoveHeadersOnCopy, ); }; };
		2E5623F92B5FC4D2009A0C73 /* ContentsquareModule.xcframework in Frameworks */ = {isa = PBXBuildFile; fileRef = 2E5623F82B5FC4D2009A0C73 /* ContentsquareModule.xcframework */; };
		2E5623FA2B5FC4D2009A0C73 /* ContentsquareModule.xcframework in Embed Frameworks */ = {isa = PBXBuildFile; fileRef = 2E5623F82B5FC4D2009A0C73 /* ContentsquareModule.xcframework */; settings = {ATTRIBUTES = (CodeSignOnCopy, RemoveHeadersOnCopy, ); }; };
		4825729E29880701004863E9 /* CustomVariablesViewController.swift in Sources */ = {isa = PBXBuildFile; fileRef = 4825729D29880701004863E9 /* CustomVariablesViewController.swift */; };
		BC64815F2D315EA4008EE17A /* CSSwiftProtobuf.xcframework in Frameworks */ = {isa = PBXBuildFile; fileRef = BC64815E2D315EA4008EE17A /* CSSwiftProtobuf.xcframework */; };
		BC6481602D315EA4008EE17A /* CSSwiftProtobuf.xcframework in Embed Frameworks */ = {isa = PBXBuildFile; fileRef = BC64815E2D315EA4008EE17A /* CSSwiftProtobuf.xcframework */; settings = {ATTRIBUTES = (CodeSignOnCopy, RemoveHeadersOnCopy, ); }; };
		D064661F27FF70D800E89F5E /* DefaultScreenViewController.swift in Sources */ = {isa = PBXBuildFile; fileRef = D064661D27FF70D800E89F5E /* DefaultScreenViewController.swift */; };
		D064662027FF70D800E89F5E /* ScreenViews.storyboard in Resources */ = {isa = PBXBuildFile; fileRef = D064661E27FF70D800E89F5E /* ScreenViews.storyboard */; };
		D0A9B69327FF6E1200ACF275 /* AppDelegate.swift in Sources */ = {isa = PBXBuildFile; fileRef = D0A9B69227FF6E1200ACF275 /* AppDelegate.swift */; };
		D0A9B69527FF6E1200ACF275 /* SceneDelegate.swift in Sources */ = {isa = PBXBuildFile; fileRef = D0A9B69427FF6E1200ACF275 /* SceneDelegate.swift */; };
		D0A9B69C27FF6E1300ACF275 /* Assets.xcassets in Resources */ = {isa = PBXBuildFile; fileRef = D0A9B69B27FF6E1300ACF275 /* Assets.xcassets */; };
		D0E6B05E27FF6F83009E65F0 /* MaskingUseCasesViewController.swift in Sources */ = {isa = PBXBuildFile; fileRef = D0E6B05C27FF6F83009E65F0 /* MaskingUseCasesViewController.swift */; };
		D0E6B05F27FF6F83009E65F0 /* MaskingViewController.swift in Sources */ = {isa = PBXBuildFile; fileRef = D0E6B05D27FF6F83009E65F0 /* MaskingViewController.swift */; };
		D0E6B06627FF6FB2009E65F0 /* TrackedViewControllers.swift in Sources */ = {isa = PBXBuildFile; fileRef = D0E6B06427FF6FB2009E65F0 /* TrackedViewControllers.swift */; };
		D0E6B06727FF6FB2009E65F0 /* UIViewController+trackScreenview.swift in Sources */ = {isa = PBXBuildFile; fileRef = D0E6B06527FF6FB2009E65F0 /* UIViewController+trackScreenview.swift */; };
		D0E6B06927FF6FC1009E65F0 /* TransactionsViewController.swift in Sources */ = {isa = PBXBuildFile; fileRef = D0E6B06827FF6FC1009E65F0 /* TransactionsViewController.swift */; };
		D0E6B06B27FF6FC8009E65F0 /* PrivacyViewController.swift in Sources */ = {isa = PBXBuildFile; fileRef = D0E6B06A27FF6FC8009E65F0 /* PrivacyViewController.swift */; };
		D0E6B06D27FF6FD0009E65F0 /* DynamicVariablesViewController.swift in Sources */ = {isa = PBXBuildFile; fileRef = D0E6B06C27FF6FD0009E65F0 /* DynamicVariablesViewController.swift */; };
		D0E6B07527FF6FF5009E65F0 /* ProgrammaticModalViewController.swift in Sources */ = {isa = PBXBuildFile; fileRef = D0E6B07027FF6FF5009E65F0 /* ProgrammaticModalViewController.swift */; };
		D0E6B07627FF6FF5009E65F0 /* ModalPresentingViewController.swift in Sources */ = {isa = PBXBuildFile; fileRef = D0E6B07127FF6FF5009E65F0 /* ModalPresentingViewController.swift */; };
		D0E6B07727FF6FF5009E65F0 /* ModalScreenViews.storyboard in Resources */ = {isa = PBXBuildFile; fileRef = D0E6B07227FF6FF5009E65F0 /* ModalScreenViews.storyboard */; };
		D0E6B07827FF6FF5009E65F0 /* ProgrammaticModalPresentingViewController.swift in Sources */ = {isa = PBXBuildFile; fileRef = D0E6B07327FF6FF5009E65F0 /* ProgrammaticModalPresentingViewController.swift */; };
		D0E6B07927FF6FF5009E65F0 /* DismissalDelegate.swift in Sources */ = {isa = PBXBuildFile; fileRef = D0E6B07427FF6FF5009E65F0 /* DismissalDelegate.swift */; };
		D0E6B07C27FF7005009E65F0 /* Page.xib in Resources */ = {isa = PBXBuildFile; fileRef = D0E6B07A27FF7005009E65F0 /* Page.xib */; };
		D0E6B07D27FF7005009E65F0 /* PagedScrollViews.swift in Sources */ = {isa = PBXBuildFile; fileRef = D0E6B07B27FF7005009E65F0 /* PagedScrollViews.swift */; };
		FBAC398C29507EE800DCFCD4 /* ErrorAnalysisViewController.swift in Sources */ = {isa = PBXBuildFile; fileRef = FBAC398B29507EE800DCFCD4 /* ErrorAnalysisViewController.swift */; };
		FBD8CCA829535A81006AA162 /* Main.storyboard in Resources */ = {isa = PBXBuildFile; fileRef = D064661B27FF70A800E89F5E /* Main.storyboard */; };
		FBD8CCA929535A81006AA162 /* LaunchScreen.storyboard in Resources */ = {isa = PBXBuildFile; fileRef = D0A9B69E27FF6E1300ACF275 /* LaunchScreen.storyboard */; };
/* End PBXBuildFile section */

/* Begin PBXCopyFilesBuildPhase section */
		2E5623F72B5FC3CF009A0C73 /* Embed PlugIns */ = {
			isa = PBXCopyFilesBuildPhase;
			buildActionMask = 2147483647;
			dstPath = "";
			dstSubfolderSpec = 13;
			files = (
			);
			name = "Embed PlugIns";
			runOnlyForDeploymentPostprocessing = 0;
		};
		D0E6B05827FF6E3B009E65F0 /* Embed Frameworks */ = {
			isa = PBXCopyFilesBuildPhase;
			buildActionMask = 2147483647;
			dstPath = "";
			dstSubfolderSpec = 10;
			files = (
				BC6481602D315EA4008EE17A /* CSSwiftProtobuf.xcframework in Embed Frameworks */,
				2E5623FA2B5FC4D2009A0C73 /* ContentsquareModule.xcframework in Embed Frameworks */,
				2E5623F42B5FC3BA009A0C73 /* CSCrashReporter.xcframework in Embed Frameworks */,
			);
			name = "Embed Frameworks";
			runOnlyForDeploymentPostprocessing = 0;
		};
/* End PBXCopyFilesBuildPhase section */

/* Begin PBXFileReference section */
		04D6C92B2D686F7E00E74108 /* ContentsquareBundle.bundle */ = {isa = PBXFileReference; lastKnownFileType = "wrapper.plug-in"; name = ContentsquareBundle.bundle; path = ContentsquareModule/Resources/ContentsquareBundle.bundle; sourceTree = "<group>"; };
		2E5623F22B5FC3BA009A0C73 /* CSCrashReporter.xcframework */ = {isa = PBXFileReference; lastKnownFileType = wrapper.xcframework; name = CSCrashReporter.xcframework; path = ContentsquareModule/CSCrashReporter.xcframework; sourceTree = "<group>"; };
		2E5623F82B5FC4D2009A0C73 /* ContentsquareModule.xcframework */ = {isa = PBXFileReference; expectedSignature = "AppleDeveloperProgram:68F5DK9B95:CONTENT SQUARE"; lastKnownFileType = wrapper.xcframework; name = ContentsquareModule.xcframework; path = ContentsquareModule/ContentsquareModule.xcframework; sourceTree = "<group>"; };
		4825729D29880701004863E9 /* CustomVariablesViewController.swift */ = {isa = PBXFileReference; fileEncoding = 4; lastKnownFileType = sourcecode.swift; path = CustomVariablesViewController.swift; sourceTree = "<group>"; };
		BC64815E2D315EA4008EE17A /* CSSwiftProtobuf.xcframework */ = {isa = PBXFileReference; expectedSignature = "AppleDeveloperProgram:68F5DK9B95:CONTENT SQUARE"; lastKnownFileType = wrapper.xcframework; name = CSSwiftProtobuf.xcframework; path = ContentsquareModule/CSSwiftProtobuf.xcframework; sourceTree = "<group>"; };
		D064661B27FF70A800E89F5E /* Main.storyboard */ = {isa = PBXFileReference; lastKnownFileType = file.storyboard; name = Main.storyboard; path = ../Shared/Base.lproj/Main.storyboard; sourceTree = "<group>"; };
		D064661D27FF70D800E89F5E /* DefaultScreenViewController.swift */ = {isa = PBXFileReference; fileEncoding = 4; lastKnownFileType = sourcecode.swift; path = DefaultScreenViewController.swift; sourceTree = "<group>"; };
		D064661E27FF70D800E89F5E /* ScreenViews.storyboard */ = {isa = PBXFileReference; fileEncoding = 4; lastKnownFileType = file.storyboard; path = ScreenViews.storyboard; sourceTree = "<group>"; };
		D0A9B68F27FF6E1200ACF275 /* static-framework-sample-app.app */ = {isa = PBXFileReference; explicitFileType = wrapper.application; includeInIndex = 0; path = "static-framework-sample-app.app"; sourceTree = BUILT_PRODUCTS_DIR; };
		D0A9B69227FF6E1200ACF275 /* AppDelegate.swift */ = {isa = PBXFileReference; lastKnownFileType = sourcecode.swift; name = AppDelegate.swift; path = App/AppDelegate.swift; sourceTree = "<group>"; };
		D0A9B69427FF6E1200ACF275 /* SceneDelegate.swift */ = {isa = PBXFileReference; lastKnownFileType = sourcecode.swift; name = SceneDelegate.swift; path = App/SceneDelegate.swift; sourceTree = "<group>"; };
		D0A9B69B27FF6E1300ACF275 /* Assets.xcassets */ = {isa = PBXFileReference; lastKnownFileType = folder.assetcatalog; name = Assets.xcassets; path = App/Assets.xcassets; sourceTree = "<group>"; };
		D0A9B69E27FF6E1300ACF275 /* LaunchScreen.storyboard */ = {isa = PBXFileReference; lastKnownFileType = file.storyboard; name = LaunchScreen.storyboard; path = ../Shared/Base.lproj/LaunchScreen.storyboard; sourceTree = "<group>"; };
		D0A9B6A027FF6E1300ACF275 /* Info.plist */ = {isa = PBXFileReference; lastKnownFileType = text.plist.xml; name = Info.plist; path = App/Info.plist; sourceTree = "<group>"; };
		D0E6B05C27FF6F83009E65F0 /* MaskingUseCasesViewController.swift */ = {isa = PBXFileReference; fileEncoding = 4; lastKnownFileType = sourcecode.swift; path = MaskingUseCasesViewController.swift; sourceTree = "<group>"; };
		D0E6B05D27FF6F83009E65F0 /* MaskingViewController.swift */ = {isa = PBXFileReference; fileEncoding = 4; lastKnownFileType = sourcecode.swift; path = MaskingViewController.swift; sourceTree = "<group>"; };
		D0E6B06427FF6FB2009E65F0 /* TrackedViewControllers.swift */ = {isa = PBXFileReference; fileEncoding = 4; lastKnownFileType = sourcecode.swift; path = TrackedViewControllers.swift; sourceTree = "<group>"; };
		D0E6B06527FF6FB2009E65F0 /* UIViewController+trackScreenview.swift */ = {isa = PBXFileReference; fileEncoding = 4; lastKnownFileType = sourcecode.swift; path = "UIViewController+trackScreenview.swift"; sourceTree = "<group>"; };
		D0E6B06827FF6FC1009E65F0 /* TransactionsViewController.swift */ = {isa = PBXFileReference; fileEncoding = 4; lastKnownFileType = sourcecode.swift; path = TransactionsViewController.swift; sourceTree = "<group>"; };
		D0E6B06A27FF6FC8009E65F0 /* PrivacyViewController.swift */ = {isa = PBXFileReference; fileEncoding = 4; lastKnownFileType = sourcecode.swift; path = PrivacyViewController.swift; sourceTree = "<group>"; };
		D0E6B06C27FF6FD0009E65F0 /* DynamicVariablesViewController.swift */ = {isa = PBXFileReference; fileEncoding = 4; lastKnownFileType = sourcecode.swift; path = DynamicVariablesViewController.swift; sourceTree = "<group>"; };
		D0E6B07027FF6FF5009E65F0 /* ProgrammaticModalViewController.swift */ = {isa = PBXFileReference; fileEncoding = 4; lastKnownFileType = sourcecode.swift; path = ProgrammaticModalViewController.swift; sourceTree = "<group>"; };
		D0E6B07127FF6FF5009E65F0 /* ModalPresentingViewController.swift */ = {isa = PBXFileReference; fileEncoding = 4; lastKnownFileType = sourcecode.swift; path = ModalPresentingViewController.swift; sourceTree = "<group>"; };
		D0E6B07227FF6FF5009E65F0 /* ModalScreenViews.storyboard */ = {isa = PBXFileReference; fileEncoding = 4; lastKnownFileType = file.storyboard; path = ModalScreenViews.storyboard; sourceTree = "<group>"; };
		D0E6B07327FF6FF5009E65F0 /* ProgrammaticModalPresentingViewController.swift */ = {isa = PBXFileReference; fileEncoding = 4; lastKnownFileType = sourcecode.swift; path = ProgrammaticModalPresentingViewController.swift; sourceTree = "<group>"; };
		D0E6B07427FF6FF5009E65F0 /* DismissalDelegate.swift */ = {isa = PBXFileReference; fileEncoding = 4; lastKnownFileType = sourcecode.swift; path = DismissalDelegate.swift; sourceTree = "<group>"; };
		D0E6B07A27FF7005009E65F0 /* Page.xib */ = {isa = PBXFileReference; fileEncoding = 4; lastKnownFileType = file.xib; path = Page.xib; sourceTree = "<group>"; };
		D0E6B07B27FF7005009E65F0 /* PagedScrollViews.swift */ = {isa = PBXFileReference; fileEncoding = 4; lastKnownFileType = sourcecode.swift; path = PagedScrollViews.swift; sourceTree = "<group>"; };
		FBAC398B29507EE800DCFCD4 /* ErrorAnalysisViewController.swift */ = {isa = PBXFileReference; fileEncoding = 4; lastKnownFileType = sourcecode.swift; path = ErrorAnalysisViewController.swift; sourceTree = "<group>"; };
/* End PBXFileReference section */

/* Begin PBXFrameworksBuildPhase section */
		D0A9B68C27FF6E1200ACF275 /* Frameworks */ = {
			isa = PBXFrameworksBuildPhase;
			buildActionMask = 2147483647;
			files = (
				BC64815F2D315EA4008EE17A /* CSSwiftProtobuf.xcframework in Frameworks */,
				2E5623F92B5FC4D2009A0C73 /* ContentsquareModule.xcframework in Frameworks */,
				2E5623F32B5FC3BA009A0C73 /* CSCrashReporter.xcframework in Frameworks */,
			);
			runOnlyForDeploymentPostprocessing = 0;
		};
/* End PBXFrameworksBuildPhase section */

/* Begin PBXGroup section */
		4825729C29880701004863E9 /* CustomVariables */ = {
			isa = PBXGroup;
			children = (
				4825729D29880701004863E9 /* CustomVariablesViewController.swift */,
			);
			path = CustomVariables;
			sourceTree = "<group>";
		};
		D0A9B68627FF6E1200ACF275 = {
			isa = PBXGroup;
			children = (
				D0A9B69127FF6E1200ACF275 /* Shared */,
				04D6C92B2D686F7E00E74108 /* ContentsquareBundle.bundle */,
				D0A9B69027FF6E1200ACF275 /* Products */,
				D0E6B05127FF6E3B009E65F0 /* Frameworks */,
			);
			sourceTree = "<group>";
		};
		D0A9B69027FF6E1200ACF275 /* Products */ = {
			isa = PBXGroup;
			children = (
				D0A9B68F27FF6E1200ACF275 /* static-framework-sample-app.app */,
			);
			name = Products;
			sourceTree = "<group>";
		};
		D0A9B69127FF6E1200ACF275 /* Shared */ = {
			isa = PBXGroup;
			children = (
				D0E6B05B27FF6F75009E65F0 /* ScreenviewUtils */,
				D0E6B05A27FF6F66009E65F0 /* Showcases */,
				D0E6B05927FF6F5E009E65F0 /* Masking */,
				D0A9B69227FF6E1200ACF275 /* AppDelegate.swift */,
				D0A9B69427FF6E1200ACF275 /* SceneDelegate.swift */,
				D0A9B69B27FF6E1300ACF275 /* Assets.xcassets */,
				D064661B27FF70A800E89F5E /* Main.storyboard */,
				D0A9B69E27FF6E1300ACF275 /* LaunchScreen.storyboard */,
				D0A9B6A027FF6E1300ACF275 /* Info.plist */,
			);
			name = Shared;
			path = ../Shared;
			sourceTree = "<group>";
		};
		D0E6B05127FF6E3B009E65F0 /* Frameworks */ = {
			isa = PBXGroup;
			children = (
				BC64815E2D315EA4008EE17A /* CSSwiftProtobuf.xcframework */,
				2E5623F82B5FC4D2009A0C73 /* ContentsquareModule.xcframework */,
				2E5623F22B5FC3BA009A0C73 /* CSCrashReporter.xcframework */,
			);
			name = Frameworks;
			sourceTree = "<group>";
		};
		D0E6B05927FF6F5E009E65F0 /* Masking */ = {
			isa = PBXGroup;
			children = (
				D0E6B05C27FF6F83009E65F0 /* MaskingUseCasesViewController.swift */,
				D0E6B05D27FF6F83009E65F0 /* MaskingViewController.swift */,
			);
			path = Masking;
			sourceTree = "<group>";
		};
		D0E6B05A27FF6F66009E65F0 /* Showcases */ = {
			isa = PBXGroup;
			children = (
				4825729C29880701004863E9 /* CustomVariables */,
				D0E6B06227FF6F9A009E65F0 /* DynamicVariables */,
				FBAC398A29507EE800DCFCD4 /* ErrorAnalysis */,
				D0E6B06127FF6F94009E65F0 /* Privacy */,
				D0E6B06327FF6FA2009E65F0 /* Screen Views */,
				D0E6B06027FF6F8E009E65F0 /* Transactions */,
			);
			path = Showcases;
			sourceTree = "<group>";
		};
		D0E6B05B27FF6F75009E65F0 /* ScreenviewUtils */ = {
			isa = PBXGroup;
			children = (
				D0E6B06427FF6FB2009E65F0 /* TrackedViewControllers.swift */,
				D0E6B06527FF6FB2009E65F0 /* UIViewController+trackScreenview.swift */,
			);
			path = ScreenviewUtils;
			sourceTree = "<group>";
		};
		D0E6B06027FF6F8E009E65F0 /* Transactions */ = {
			isa = PBXGroup;
			children = (
				D0E6B06827FF6FC1009E65F0 /* TransactionsViewController.swift */,
			);
			path = Transactions;
			sourceTree = "<group>";
		};
		D0E6B06127FF6F94009E65F0 /* Privacy */ = {
			isa = PBXGroup;
			children = (
				D0E6B06A27FF6FC8009E65F0 /* PrivacyViewController.swift */,
			);
			path = Privacy;
			sourceTree = "<group>";
		};
		D0E6B06227FF6F9A009E65F0 /* DynamicVariables */ = {
			isa = PBXGroup;
			children = (
				D0E6B06C27FF6FD0009E65F0 /* DynamicVariablesViewController.swift */,
			);
			path = DynamicVariables;
			sourceTree = "<group>";
		};
		D0E6B06327FF6FA2009E65F0 /* Screen Views */ = {
			isa = PBXGroup;
			children = (
				D064661D27FF70D800E89F5E /* DefaultScreenViewController.swift */,
				D064661E27FF70D800E89F5E /* ScreenViews.storyboard */,
				D0E6B06F27FF6FE7009E65F0 /* Paged Scroll Views */,
				D0E6B06E27FF6FE2009E65F0 /* Modals */,
			);
			path = "Screen Views";
			sourceTree = "<group>";
		};
		D0E6B06E27FF6FE2009E65F0 /* Modals */ = {
			isa = PBXGroup;
			children = (
				D0E6B07227FF6FF5009E65F0 /* ModalScreenViews.storyboard */,
				D0E6B07427FF6FF5009E65F0 /* DismissalDelegate.swift */,
				D0E6B07127FF6FF5009E65F0 /* ModalPresentingViewController.swift */,
				D0E6B07327FF6FF5009E65F0 /* ProgrammaticModalPresentingViewController.swift */,
				D0E6B07027FF6FF5009E65F0 /* ProgrammaticModalViewController.swift */,
			);
			path = Modals;
			sourceTree = "<group>";
		};
		D0E6B06F27FF6FE7009E65F0 /* Paged Scroll Views */ = {
			isa = PBXGroup;
			children = (
				D0E6B07A27FF7005009E65F0 /* Page.xib */,
				D0E6B07B27FF7005009E65F0 /* PagedScrollViews.swift */,
			);
			path = "Paged Scroll Views";
			sourceTree = "<group>";
		};
		FBAC398A29507EE800DCFCD4 /* ErrorAnalysis */ = {
			isa = PBXGroup;
			children = (
				FBAC398B29507EE800DCFCD4 /* ErrorAnalysisViewController.swift */,
			);
			path = ErrorAnalysis;
			sourceTree = "<group>";
		};
/* End PBXGroup section */

/* Begin PBXNativeTarget section */
		D0A9B68E27FF6E1200ACF275 /* static-framework-sample-app */ = {
			isa = PBXNativeTarget;
			buildConfigurationList = D0A9B6A327FF6E1300ACF275 /* Build configuration list for PBXNativeTarget "static-framework-sample-app" */;
			buildPhases = (
				D0A9B68B27FF6E1200ACF275 /* Sources */,
				D0A9B68C27FF6E1200ACF275 /* Frameworks */,
				D0A9B68D27FF6E1200ACF275 /* Resources */,
				D0E6B05827FF6E3B009E65F0 /* Embed Frameworks */,
				2E5623F72B5FC3CF009A0C73 /* Embed PlugIns */,
			);
			buildRules = (
			);
			dependencies = (
			);
			name = "static-framework-sample-app";
			productName = "static-framework-sample-app";
			productReference = D0A9B68F27FF6E1200ACF275 /* static-framework-sample-app.app */;
			productType = "com.apple.product-type.application";
		};
/* End PBXNativeTarget section */

/* Begin PBXProject section */
		D0A9B68727FF6E1200ACF275 /* Project object */ = {
			isa = PBXProject;
			attributes = {
				BuildIndependentTargetsInParallel = 1;
				LastSwiftUpdateCheck = 1330;
				LastUpgradeCheck = 1330;
				TargetAttributes = {
					D0A9B68E27FF6E1200ACF275 = {
						CreatedOnToolsVersion = 13.3;
					};
				};
			};
			buildConfigurationList = D0A9B68A27FF6E1200ACF275 /* Build configuration list for PBXProject "static-framework-sample-app" */;
			compatibilityVersion = "Xcode 13.0";
			developmentRegion = en;
			hasScannedForEncodings = 0;
			knownRegions = (
				en,
				Base,
			);
			mainGroup = D0A9B68627FF6E1200ACF275;
			productRefGroup = D0A9B69027FF6E1200ACF275 /* Products */;
			projectDirPath = "";
			projectRoot = "";
			targets = (
				D0A9B68E27FF6E1200ACF275 /* static-framework-sample-app */,
			);
		};
/* End PBXProject section */

/* Begin PBXResourcesBuildPhase section */
		D0A9B68D27FF6E1200ACF275 /* Resources */ = {
			isa = PBXResourcesBuildPhase;
			buildActionMask = 2147483647;
			files = (
				FBD8CCA929535A81006AA162 /* LaunchScreen.storyboard in Resources */,
				D064662027FF70D800E89F5E /* ScreenViews.storyboard in Resources */,
				FBD8CCA829535A81006AA162 /* Main.storyboard in Resources */,
				D0E6B07727FF6FF5009E65F0 /* ModalScreenViews.storyboard in Resources */,
				D0E6B07C27FF7005009E65F0 /* Page.xib in Resources */,
				D0A9B69C27FF6E1300ACF275 /* Assets.xcassets in Resources */,
				04D6C92C2D686F7E00E74108 /* ContentsquareBundle.bundle in Resources */,
			);
			runOnlyForDeploymentPostprocessing = 0;
		};
/* End PBXResourcesBuildPhase section */

/* Begin PBXSourcesBuildPhase section */
		D0A9B68B27FF6E1200ACF275 /* Sources */ = {
			isa = PBXSourcesBuildPhase;
			buildActionMask = 2147483647;
			files = (
				D0E6B07527FF6FF5009E65F0 /* ProgrammaticModalViewController.swift in Sources */,
				D0E6B06927FF6FC1009E65F0 /* TransactionsViewController.swift in Sources */,
				D0A9B69327FF6E1200ACF275 /* AppDelegate.swift in Sources */,
				D0E6B07627FF6FF5009E65F0 /* ModalPresentingViewController.swift in Sources */,
				D0E6B07927FF6FF5009E65F0 /* DismissalDelegate.swift in Sources */,
				D064661F27FF70D800E89F5E /* DefaultScreenViewController.swift in Sources */,
				D0E6B05E27FF6F83009E65F0 /* MaskingUseCasesViewController.swift in Sources */,
				D0E6B06B27FF6FC8009E65F0 /* PrivacyViewController.swift in Sources */,
				D0E6B06627FF6FB2009E65F0 /* TrackedViewControllers.swift in Sources */,
				D0E6B07827FF6FF5009E65F0 /* ProgrammaticModalPresentingViewController.swift in Sources */,
				D0E6B06727FF6FB2009E65F0 /* UIViewController+trackScreenview.swift in Sources */,
				FBAC398C29507EE800DCFCD4 /* ErrorAnalysisViewController.swift in Sources */,
				4825729E29880701004863E9 /* CustomVariablesViewController.swift in Sources */,
				D0E6B06D27FF6FD0009E65F0 /* DynamicVariablesViewController.swift in Sources */,
				D0A9B69527FF6E1200ACF275 /* SceneDelegate.swift in Sources */,
				D0E6B05F27FF6F83009E65F0 /* MaskingViewController.swift in Sources */,
				D0E6B07D27FF7005009E65F0 /* PagedScrollViews.swift in Sources */,
			);
			runOnlyForDeploymentPostprocessing = 0;
		};
/* End PBXSourcesBuildPhase section */

/* Begin XCBuildConfiguration section */
		D0A9B6A127FF6E1300ACF275 /* Debug */ = {
			isa = XCBuildConfiguration;
			buildSettings = {
				ALWAYS_SEARCH_USER_PATHS = NO;
				CLANG_ANALYZER_NONNULL = YES;
				CLANG_ANALYZER_NUMBER_OBJECT_CONVERSION = YES_AGGRESSIVE;
				CLANG_CXX_LANGUAGE_STANDARD = "gnu++17";
				CLANG_ENABLE_MODULES = YES;
				CLANG_ENABLE_OBJC_ARC = YES;
				CLANG_ENABLE_OBJC_WEAK = YES;
				CLANG_WARN_BLOCK_CAPTURE_AUTORELEASING = YES;
				CLANG_WARN_BOOL_CONVERSION = YES;
				CLANG_WARN_COMMA = YES;
				CLANG_WARN_CONSTANT_CONVERSION = YES;
				CLANG_WARN_DEPRECATED_OBJC_IMPLEMENTATIONS = YES;
				CLANG_WARN_DIRECT_OBJC_ISA_USAGE = YES_ERROR;
				CLANG_WARN_DOCUMENTATION_COMMENTS = YES;
				CLANG_WARN_EMPTY_BODY = YES;
				CLANG_WARN_ENUM_CONVERSION = YES;
				CLANG_WARN_INFINITE_RECURSION = YES;
				CLANG_WARN_INT_CONVERSION = YES;
				CLANG_WARN_NON_LITERAL_NULL_CONVERSION = YES;
				CLANG_WARN_OBJC_IMPLICIT_RETAIN_SELF = YES;
				CLANG_WARN_OBJC_LITERAL_CONVERSION = YES;
				CLANG_WARN_OBJC_ROOT_CLASS = YES_ERROR;
				CLANG_WARN_QUOTED_INCLUDE_IN_FRAMEWORK_HEADER = YES;
				CLANG_WARN_RANGE_LOOP_ANALYSIS = YES;
				CLANG_WARN_STRICT_PROTOTYPES = YES;
				CLANG_WARN_SUSPICIOUS_MOVE = YES;
				CLANG_WARN_UNGUARDED_AVAILABILITY = YES_AGGRESSIVE;
				CLANG_WARN_UNREACHABLE_CODE = YES;
				CLANG_WARN__DUPLICATE_METHOD_MATCH = YES;
				COPY_PHASE_STRIP = NO;
				DEBUG_INFORMATION_FORMAT = dwarf;
				ENABLE_STRICT_OBJC_MSGSEND = YES;
				ENABLE_TESTABILITY = YES;
				GCC_C_LANGUAGE_STANDARD = gnu11;
				GCC_DYNAMIC_NO_PIC = NO;
				GCC_NO_COMMON_BLOCKS = YES;
				GCC_OPTIMIZATION_LEVEL = 0;
				GCC_PREPROCESSOR_DEFINITIONS = (
					"DEBUG=1",
					"$(inherited)",
				);
				GCC_WARN_64_TO_32_BIT_CONVERSION = YES;
				GCC_WARN_ABOUT_RETURN_TYPE = YES_ERROR;
				GCC_WARN_UNDECLARED_SELECTOR = YES;
				GCC_WARN_UNINITIALIZED_AUTOS = YES_AGGRESSIVE;
				GCC_WARN_UNUSED_FUNCTION = YES;
				GCC_WARN_UNUSED_VARIABLE = YES;
				IPHONEOS_DEPLOYMENT_TARGET = 15.4;
				MTL_ENABLE_DEBUG_INFO = INCLUDE_SOURCE;
				MTL_FAST_MATH = YES;
				ONLY_ACTIVE_ARCH = YES;
				SDKROOT = iphoneos;
				SWIFT_ACTIVE_COMPILATION_CONDITIONS = DEBUG;
				SWIFT_OPTIMIZATION_LEVEL = "-Onone";
			};
			name = Debug;
		};
		D0A9B6A227FF6E1300ACF275 /* Release */ = {
			isa = XCBuildConfiguration;
			buildSettings = {
				ALWAYS_SEARCH_USER_PATHS = NO;
				CLANG_ANALYZER_NONNULL = YES;
				CLANG_ANALYZER_NUMBER_OBJECT_CONVERSION = YES_AGGRESSIVE;
				CLANG_CXX_LANGUAGE_STANDARD = "gnu++17";
				CLANG_ENABLE_MODULES = YES;
				CLANG_ENABLE_OBJC_ARC = YES;
				CLANG_ENABLE_OBJC_WEAK = YES;
				CLANG_WARN_BLOCK_CAPTURE_AUTORELEASING = YES;
				CLANG_WARN_BOOL_CONVERSION = YES;
				CLANG_WARN_COMMA = YES;
				CLANG_WARN_CONSTANT_CONVERSION = YES;
				CLANG_WARN_DEPRECATED_OBJC_IMPLEMENTATIONS = YES;
				CLANG_WARN_DIRECT_OBJC_ISA_USAGE = YES_ERROR;
				CLANG_WARN_DOCUMENTATION_COMMENTS = YES;
				CLANG_WARN_EMPTY_BODY = YES;
				CLANG_WARN_ENUM_CONVERSION = YES;
				CLANG_WARN_INFINITE_RECURSION = YES;
				CLANG_WARN_INT_CONVERSION = YES;
				CLANG_WARN_NON_LITERAL_NULL_CONVERSION = YES;
				CLANG_WARN_OBJC_IMPLICIT_RETAIN_SELF = YES;
				CLANG_WARN_OBJC_LITERAL_CONVERSION = YES;
				CLANG_WARN_OBJC_ROOT_CLASS = YES_ERROR;
				CLANG_WARN_QUOTED_INCLUDE_IN_FRAMEWORK_HEADER = YES;
				CLANG_WARN_RANGE_LOOP_ANALYSIS = YES;
				CLANG_WARN_STRICT_PROTOTYPES = YES;
				CLANG_WARN_SUSPICIOUS_MOVE = YES;
				CLANG_WARN_UNGUARDED_AVAILABILITY = YES_AGGRESSIVE;
				CLANG_WARN_UNREACHABLE_CODE = YES;
				CLANG_WARN__DUPLICATE_METHOD_MATCH = YES;
				COPY_PHASE_STRIP = NO;
				DEBUG_INFORMATION_FORMAT = "dwarf-with-dsym";
				ENABLE_NS_ASSERTIONS = NO;
				ENABLE_STRICT_OBJC_MSGSEND = YES;
				GCC_C_LANGUAGE_STANDARD = gnu11;
				GCC_NO_COMMON_BLOCKS = YES;
				GCC_WARN_64_TO_32_BIT_CONVERSION = YES;
				GCC_WARN_ABOUT_RETURN_TYPE = YES_ERROR;
				GCC_WARN_UNDECLARED_SELECTOR = YES;
				GCC_WARN_UNINITIALIZED_AUTOS = YES_AGGRESSIVE;
				GCC_WARN_UNUSED_FUNCTION = YES;
				GCC_WARN_UNUSED_VARIABLE = YES;
				IPHONEOS_DEPLOYMENT_TARGET = 15.4;
				MTL_ENABLE_DEBUG_INFO = NO;
				MTL_FAST_MATH = YES;
				SDKROOT = iphoneos;
				SWIFT_COMPILATION_MODE = wholemodule;
				SWIFT_OPTIMIZATION_LEVEL = "-O";
				VALIDATE_PRODUCT = YES;
			};
			name = Release;
		};
		D0A9B6A427FF6E1300ACF275 /* Debug */ = {
			isa = XCBuildConfiguration;
			buildSettings = {
				ASSETCATALOG_COMPILER_APPICON_NAME = AppIcon;
				ASSETCATALOG_COMPILER_GLOBAL_ACCENT_COLOR_NAME = AccentColor;
				CODE_SIGN_STYLE = Automatic;
				CURRENT_PROJECT_VERSION = 1;
				DEVELOPMENT_TEAM = 68F5DK9B95;
				GENERATE_INFOPLIST_FILE = YES;
				INFOPLIST_FILE = ../Shared/App/Info.plist;
				INFOPLIST_KEY_UIApplicationSupportsIndirectInputEvents = YES;
				INFOPLIST_KEY_UILaunchStoryboardName = LaunchScreen;
				INFOPLIST_KEY_UIMainStoryboardFile = Main;
				INFOPLIST_KEY_UISupportedInterfaceOrientations_iPad = "UIInterfaceOrientationPortrait UIInterfaceOrientationPortraitUpsideDown UIInterfaceOrientationLandscapeLeft UIInterfaceOrientationLandscapeRight";
				INFOPLIST_KEY_UISupportedInterfaceOrientations_iPhone = "UIInterfaceOrientationPortrait UIInterfaceOrientationLandscapeLeft UIInterfaceOrientationLandscapeRight";
				LD_RUNPATH_SEARCH_PATHS = (
					"$(inherited)",
					"@executable_path/Frameworks",
				);
				MARKETING_VERSION = 1.0;
				OTHER_LDFLAGS = "-ObjC";
				PRODUCT_BUNDLE_IDENTIFIER = "com.contentsquare.iOS-sample-app";
				PRODUCT_NAME = "$(TARGET_NAME)";
				SWIFT_EMIT_LOC_STRINGS = YES;
				SWIFT_VERSION = 5.0;
				TARGETED_DEVICE_FAMILY = "1,2";
			};
			name = Debug;
		};
		D0A9B6A527FF6E1300ACF275 /* Release */ = {
			isa = XCBuildConfiguration;
			buildSettings = {
				ASSETCATALOG_COMPILER_APPICON_NAME = AppIcon;
				ASSETCATALOG_COMPILER_GLOBAL_ACCENT_COLOR_NAME = AccentColor;
				CODE_SIGN_STYLE = Automatic;
				CURRENT_PROJECT_VERSION = 1;
				DEVELOPMENT_TEAM = 68F5DK9B95;
				GENERATE_INFOPLIST_FILE = YES;
				INFOPLIST_FILE = ../Shared/App/Info.plist;
				INFOPLIST_KEY_UIApplicationSupportsIndirectInputEvents = YES;
				INFOPLIST_KEY_UILaunchStoryboardName = LaunchScreen;
				INFOPLIST_KEY_UIMainStoryboardFile = Main;
				INFOPLIST_KEY_UISupportedInterfaceOrientations_iPad = "UIInterfaceOrientationPortrait UIInterfaceOrientationPortraitUpsideDown UIInterfaceOrientationLandscapeLeft UIInterfaceOrientationLandscapeRight";
				INFOPLIST_KEY_UISupportedInterfaceOrientations_iPhone = "UIInterfaceOrientationPortrait UIInterfaceOrientationLandscapeLeft UIInterfaceOrientationLandscapeRight";
				LD_RUNPATH_SEARCH_PATHS = (
					"$(inherited)",
					"@executable_path/Frameworks",
				);
				MARKETING_VERSION = 1.0;
				OTHER_LDFLAGS = "-ObjC";
				PRODUCT_BUNDLE_IDENTIFIER = "com.contentsquare.iOS-sample-app";
				PRODUCT_NAME = "$(TARGET_NAME)";
				SWIFT_EMIT_LOC_STRINGS = YES;
				SWIFT_VERSION = 5.0;
				TARGETED_DEVICE_FAMILY = "1,2";
			};
			name = Release;
		};
/* End XCBuildConfiguration section */

/* Begin XCConfigurationList section */
		D0A9B68A27FF6E1200ACF275 /* Build configuration list for PBXProject "static-framework-sample-app" */ = {
			isa = XCConfigurationList;
			buildConfigurations = (
				D0A9B6A127FF6E1300ACF275 /* Debug */,
				D0A9B6A227FF6E1300ACF275 /* Release */,
			);
			defaultConfigurationIsVisible = 0;
			defaultConfigurationName = Release;
		};
		D0A9B6A327FF6E1300ACF275 /* Build configuration list for PBXNativeTarget "static-framework-sample-app" */ = {
			isa = XCConfigurationList;
			buildConfigurations = (
				D0A9B6A427FF6E1300ACF275 /* Debug */,
				D0A9B6A527FF6E1300ACF275 /* Release */,
			);
			defaultConfigurationIsVisible = 0;
			defaultConfigurationName = Release;
		};
/* End XCConfigurationList section */
	};
	rootObject = D0A9B68727FF6E1200ACF275 /* Project object */;
}
