// !$*UTF8*$!
{
	archiveVersion = 1;
	classes = {
	};
	objectVersion = 51;
	objects = {

/* Begin PBXBuildFile section */
		549F2EB0234E74B9BCB4FBEB /* Pods_Pod_sample_app.framework in Frameworks */ = {isa = PBXBuildFile; fileRef = 31D8C90BC92C24E971411780 /* Pods_Pod_sample_app.framework */; };
		DBE94174254986D100F97035 /* Pod_sample_appApp.swift in Sources */ = {isa = PBXBuildFile; fileRef = DBE94173254986D100F97035 /* Pod_sample_appApp.swift */; };
		DBE94176254986D100F97035 /* ContentView.swift in Sources */ = {isa = PBXBuildFile; fileRef = DBE94175254986D100F97035 /* ContentView.swift */; };
		DBE94178254986D400F97035 /* Assets.xcassets in Resources */ = {isa = PBXBuildFile; fileRef = DBE94177254986D400F97035 /* Assets.xcassets */; };
		DBE9417B254986D400F97035 /* Preview Assets.xcassets in Resources */ = {isa = PBXBuildFile; fileRef = DBE9417A254986D400F97035 /* Preview Assets.xcassets */; };
/* End PBXBuildFile section */

/* Begin PBXFileReference section */
		1991050373457C9566A8A85B /* Pods-Pod-sample-app.release.xcconfig */ = {isa = PBXFileReference; includeInIndex = 1; lastKnownFileType = text.xcconfig; name = "Pods-Pod-sample-app.release.xcconfig"; path = "Target Support Files/Pods-Pod-sample-app/Pods-Pod-sample-app.release.xcconfig"; sourceTree = "<group>"; };
		31D8C90BC92C24E971411780 /* Pods_Pod_sample_app.framework */ = {isa = PBXFileReference; explicitFileType = wrapper.framework; includeInIndex = 0; path = Pods_Pod_sample_app.framework; sourceTree = BUILT_PRODUCTS_DIR; };
		9480FBDBCE9F6C6F26FDEE45 /* Pods-Pod-sample-app.debug.xcconfig */ = {isa = PBXFileReference; includeInIndex = 1; lastKnownFileType = text.xcconfig; name = "Pods-Pod-sample-app.debug.xcconfig"; path = "Target Support Files/Pods-Pod-sample-app/Pods-Pod-sample-app.debug.xcconfig"; sourceTree = "<group>"; };
		DB22C9A225AC6905001F0FE0 /* README.md */ = {isa = PBXFileReference; lastKnownFileType = net.daringfireball.markdown; name = README.md; path = ../README.md; sourceTree = "<group>"; };
		DBE94170254986D100F97035 /* Pod-sample-app.app */ = {isa = PBXFileReference; explicitFileType = wrapper.application; includeInIndex = 0; path = "Pod-sample-app.app"; sourceTree = BUILT_PRODUCTS_DIR; };
		DBE94173254986D100F97035 /* Pod_sample_appApp.swift */ = {isa = PBXFileReference; lastKnownFileType = sourcecode.swift; path = Pod_sample_appApp.swift; sourceTree = "<group>"; };
		DBE94175254986D100F97035 /* ContentView.swift */ = {isa = PBXFileReference; lastKnownFileType = sourcecode.swift; path = ContentView.swift; sourceTree = "<group>"; };
		DBE94177254986D400F97035 /* Assets.xcassets */ = {isa = PBXFileReference; lastKnownFileType = folder.assetcatalog; path = Assets.xcassets; sourceTree = "<group>"; };
		DBE9417A254986D400F97035 /* Preview Assets.xcassets */ = {isa = PBXFileReference; lastKnownFileType = folder.assetcatalog; path = "Preview Assets.xcassets"; sourceTree = "<group>"; };
		DBE9417C254986D400F97035 /* Info.plist */ = {isa = PBXFileReference; lastKnownFileType = text.plist.xml; path = Info.plist; sourceTree = "<group>"; };
/* End PBXFileReference section */

/* Begin PBXFrameworksBuildPhase section */
		DBE9416D254986D100F97035 /* Frameworks */ = {
			isa = PBXFrameworksBuildPhase;
			buildActionMask = 2147483647;
			files = (
				549F2EB0234E74B9BCB4FBEB /* Pods_Pod_sample_app.framework in Frameworks */,
			);
			runOnlyForDeploymentPostprocessing = 0;
		};
/* End PBXFrameworksBuildPhase section */

/* Begin PBXGroup section */
		50115FB69D6BC6F695CCE867 /* Pods */ = {
			isa = PBXGroup;
			children = (
				9480FBDBCE9F6C6F26FDEE45 /* Pods-Pod-sample-app.debug.xcconfig */,
				1991050373457C9566A8A85B /* Pods-Pod-sample-app.release.xcconfig */,
			);
			path = Pods;
			sourceTree = "<group>";
		};
		53F64CCF6AC7E022363DE455 /* Frameworks */ = {
			isa = PBXGroup;
			children = (
				31D8C90BC92C24E971411780 /* Pods_Pod_sample_app.framework */,
			);
			name = Frameworks;
			sourceTree = "<group>";
		};
		DBE94167254986D100F97035 = {
			isa = PBXGroup;
			children = (
				DB22C9A225AC6905001F0FE0 /* README.md */,
				DBE94172254986D100F97035 /* Pod-sample-app */,
				DBE94171254986D100F97035 /* Products */,
				50115FB69D6BC6F695CCE867 /* Pods */,
				53F64CCF6AC7E022363DE455 /* Frameworks */,
			);
			sourceTree = "<group>";
		};
		DBE94171254986D100F97035 /* Products */ = {
			isa = PBXGroup;
			children = (
				DBE94170254986D100F97035 /* Pod-sample-app.app */,
			);
			name = Products;
			sourceTree = "<group>";
		};
		DBE94172254986D100F97035 /* Pod-sample-app */ = {
			isa = PBXGroup;
			children = (
				DBE94173254986D100F97035 /* Pod_sample_appApp.swift */,
				DBE94175254986D100F97035 /* ContentView.swift */,
				DBE94177254986D400F97035 /* Assets.xcassets */,
				DBE9417C254986D400F97035 /* Info.plist */,
				DBE94179254986D400F97035 /* Preview Content */,
			);
			path = "Pod-sample-app";
			sourceTree = "<group>";
		};
		DBE94179254986D400F97035 /* Preview Content */ = {
			isa = PBXGroup;
			children = (
				DBE9417A254986D400F97035 /* Preview Assets.xcassets */,
			);
			path = "Preview Content";
			sourceTree = "<group>";
		};
/* End PBXGroup section */

/* Begin PBXNativeTarget section */
		DBE9416F254986D100F97035 /* Pod-sample-app */ = {
			isa = PBXNativeTarget;
			buildConfigurationList = DBE9417F254986D400F97035 /* Build configuration list for PBXNativeTarget "Pod-sample-app" */;
			buildPhases = (
				F3D6BC72DD3F648CA10226F9 /* [CP] Check Pods Manifest.lock */,
				DBE9416C254986D100F97035 /* Sources */,
				DBE9416D254986D100F97035 /* Frameworks */,
				DBE9416E254986D100F97035 /* Resources */,
				DA31441590B14149D97A7C96 /* [CP] Embed Pods Frameworks */,
			);
			buildRules = (
			);
			dependencies = (
			);
			name = "Pod-sample-app";
			productName = "Pod-sample-app";
			productReference = DBE94170254986D100F97035 /* Pod-sample-app.app */;
			productType = "com.apple.product-type.application";
		};
/* End PBXNativeTarget section */

/* Begin PBXProject section */
		DBE94168254986D100F97035 /* Project object */ = {
			isa = PBXProject;
			attributes = {
				LastSwiftUpdateCheck = 1210;
				LastUpgradeCheck = 1210;
				TargetAttributes = {
					DBE9416F254986D100F97035 = {
						CreatedOnToolsVersion = 12.1;
					};
				};
			};
			buildConfigurationList = DBE9416B254986D100F97035 /* Build configuration list for PBXProject "Pod-sample-app" */;
			compatibilityVersion = "Xcode 9.3";
			developmentRegion = en;
			hasScannedForEncodings = 0;
			knownRegions = (
				en,
				Base,
			);
			mainGroup = DBE94167254986D100F97035;
			productRefGroup = DBE94171254986D100F97035 /* Products */;
			projectDirPath = "";
			projectRoot = "";
			targets = (
				DBE9416F254986D100F97035 /* Pod-sample-app */,
			);
		};
/* End PBXProject section */

/* Begin PBXResourcesBuildPhase section */
		DBE9416E254986D100F97035 /* Resources */ = {
			isa = PBXResourcesBuildPhase;
			buildActionMask = 2147483647;
			files = (
				DBE9417B254986D400F97035 /* Preview Assets.xcassets in Resources */,
				DBE94178254986D400F97035 /* Assets.xcassets in Resources */,
			);
			runOnlyForDeploymentPostprocessing = 0;
		};
/* End PBXResourcesBuildPhase section */

/* Begin PBXShellScriptBuildPhase section */
		DA31441590B14149D97A7C96 /* [CP] Embed Pods Frameworks */ = {
			isa = PBXShellScriptBuildPhase;
			buildActionMask = 2147483647;
			files = (
			);
			inputFileListPaths = (
				"${PODS_ROOT}/Target Support Files/Pods-Pod-sample-app/Pods-Pod-sample-app-frameworks-${CONFIGURATION}-input-files.xcfilelist",
			);
			name = "[CP] Embed Pods Frameworks";
			outputFileListPaths = (
				"${PODS_ROOT}/Target Support Files/Pods-Pod-sample-app/Pods-Pod-sample-app-frameworks-${CONFIGURATION}-output-files.xcfilelist",
			);
			runOnlyForDeploymentPostprocessing = 0;
			shellPath = /bin/sh;
			shellScript = "\"${PODS_ROOT}/Target Support Files/Pods-Pod-sample-app/Pods-Pod-sample-app-frameworks.sh\"\n";
			showEnvVarsInLog = 0;
		};
		F3D6BC72DD3F648CA10226F9 /* [CP] Check Pods Manifest.lock */ = {
			isa = PBXShellScriptBuildPhase;
			buildActionMask = 2147483647;
			files = (
			);
			inputFileListPaths = (
			);
			inputPaths = (
				"${PODS_PODFILE_DIR_PATH}/Podfile.lock",
				"${PODS_ROOT}/Manifest.lock",
			);
			name = "[CP] Check Pods Manifest.lock";
			outputFileListPaths = (
			);
			outputPaths = (
				"$(DERIVED_FILE_DIR)/Pods-Pod-sample-app-checkManifestLockResult.txt",
			);
			runOnlyForDeploymentPostprocessing = 0;
			shellPath = /bin/sh;
			shellScript = "diff \"${PODS_PODFILE_DIR_PATH}/Podfile.lock\" \"${PODS_ROOT}/Manifest.lock\" > /dev/null\nif [ $? != 0 ] ; then\n    # print error to STDERR\n    echo \"error: The sandbox is not in sync with the Podfile.lock. Run 'pod install' or update your CocoaPods installation.\" >&2\n    exit 1\nfi\n# This output is used by Xcode 'outputs' to avoid re-running this script phase.\necho \"SUCCESS\" > \"${SCRIPT_OUTPUT_FILE_0}\"\n";
			showEnvVarsInLog = 0;
		};
/* End PBXShellScriptBuildPhase section */

/* Begin PBXSourcesBuildPhase section */
		DBE9416C254986D100F97035 /* Sources */ = {
			isa = PBXSourcesBuildPhase;
			buildActionMask = 2147483647;
			files = (
				DBE94176254986D100F97035 /* ContentView.swift in Sources */,
				DBE94174254986D100F97035 /* Pod_sample_appApp.swift in Sources */,
			);
			runOnlyForDeploymentPostprocessing = 0;
		};
/* End PBXSourcesBuildPhase section */

/* Begin XCBuildConfiguration section */
		DBE9417D254986D400F97035 /* Debug */ = {
			isa = XCBuildConfiguration;
			buildSettings = {
				ALWAYS_SEARCH_USER_PATHS = NO;
				CLANG_ANALYZER_NONNULL = YES;
				CLANG_ANALYZER_NUMBER_OBJECT_CONVERSION = YES_AGGRESSIVE;
				CLANG_CXX_LANGUAGE_STANDARD = "gnu++14";
				CLANG_CXX_LIBRARY = "libc++";
				CLANG_ENABLE_MODULES = YES;
				CLANG_ENABLE_OBJC_ARC = YES;
				CLANG_ENABLE_OBJC_WEAK = YES;
				CLANG_WARN_BLOCK_CAPTURE_AUTORELEASING = YES;
				CLANG_WARN_BOOL_CONVERSION = YES;
				CLANG_WARN_COMMA = YES;
				CLANG_WARN_CONSTANT_CONVERSION = YES;
				CLANG_WARN_DEPRECATED_OBJC_IMPLEMENTATIONS = YES;
				CLANG_WARN_DIRECT_OBJC_ISA_USAGE = YES_ERROR;
				CLANG_WARN_DOCUMENTATION_COMMENTS = YES;
				CLANG_WARN_EMPTY_BODY = YES;
				CLANG_WARN_ENUM_CONVERSION = YES;
				CLANG_WARN_INFINITE_RECURSION = YES;
				CLANG_WARN_INT_CONVERSION = YES;
				CLANG_WARN_NON_LITERAL_NULL_CONVERSION = YES;
				CLANG_WARN_OBJC_IMPLICIT_RETAIN_SELF = YES;
				CLANG_WARN_OBJC_LITERAL_CONVERSION = YES;
				CLANG_WARN_OBJC_ROOT_CLASS = YES_ERROR;
				CLANG_WARN_QUOTED_INCLUDE_IN_FRAMEWORK_HEADER = YES;
				CLANG_WARN_RANGE_LOOP_ANALYSIS = YES;
				CLANG_WARN_STRICT_PROTOTYPES = YES;
				CLANG_WARN_SUSPICIOUS_MOVE = YES;
				CLANG_WARN_UNGUARDED_AVAILABILITY = YES_AGGRESSIVE;
				CLANG_WARN_UNREACHABLE_CODE = YES;
				CLANG_WARN__DUPLICATE_METHOD_MATCH = YES;
				COPY_PHASE_STRIP = NO;
				DEBUG_INFORMATION_FORMAT = dwarf;
				ENABLE_STRICT_OBJC_MSGSEND = YES;
				ENABLE_TESTABILITY = YES;
				GCC_C_LANGUAGE_STANDARD = gnu11;
				GCC_DYNAMIC_NO_PIC = NO;
				GCC_NO_COMMON_BLOCKS = YES;
				GCC_OPTIMIZATION_LEVEL = 0;
				GCC_PREPROCESSOR_DEFINITIONS = (
					"DEBUG=1",
					"$(inherited)",
				);
				GCC_WARN_64_TO_32_BIT_CONVERSION = YES;
				GCC_WARN_ABOUT_RETURN_TYPE = YES_ERROR;
				GCC_WARN_UNDECLARED_SELECTOR = YES;
				GCC_WARN_UNINITIALIZED_AUTOS = YES_AGGRESSIVE;
				GCC_WARN_UNUSED_FUNCTION = YES;
				GCC_WARN_UNUSED_VARIABLE = YES;
				IPHONEOS_DEPLOYMENT_TARGET = 14.1;
				MTL_ENABLE_DEBUG_INFO = INCLUDE_SOURCE;
				MTL_FAST_MATH = YES;
				ONLY_ACTIVE_ARCH = YES;
				SDKROOT = iphoneos;
				SWIFT_ACTIVE_COMPILATION_CONDITIONS = DEBUG;
				SWIFT_OPTIMIZATION_LEVEL = "-Onone";
			};
			name = Debug;
		};
		DBE9417E254986D400F97035 /* Release */ = {
			isa = XCBuildConfiguration;
			buildSettings = {
				ALWAYS_SEARCH_USER_PATHS = NO;
				CLANG_ANALYZER_NONNULL = YES;
				CLANG_ANALYZER_NUMBER_OBJECT_CONVERSION = YES_AGGRESSIVE;
				CLANG_CXX_LANGUAGE_STANDARD = "gnu++14";
				CLANG_CXX_LIBRARY = "libc++";
				CLANG_ENABLE_MODULES = YES;
				CLANG_ENABLE_OBJC_ARC = YES;
				CLANG_ENABLE_OBJC_WEAK = YES;
				CLANG_WARN_BLOCK_CAPTURE_AUTORELEASING = YES;
				CLANG_WARN_BOOL_CONVERSION = YES;
				CLANG_WARN_COMMA = YES;
				CLANG_WARN_CONSTANT_CONVERSION = YES;
				CLANG_WARN_DEPRECATED_OBJC_IMPLEMENTATIONS = YES;
				CLANG_WARN_DIRECT_OBJC_ISA_USAGE = YES_ERROR;
				CLANG_WARN_DOCUMENTATION_COMMENTS = YES;
				CLANG_WARN_EMPTY_BODY = YES;
				CLANG_WARN_ENUM_CONVERSION = YES;
				CLANG_WARN_INFINITE_RECURSION = YES;
				CLANG_WARN_INT_CONVERSION = YES;
				CLANG_WARN_NON_LITERAL_NULL_CONVERSION = YES;
				CLANG_WARN_OBJC_IMPLICIT_RETAIN_SELF = YES;
				CLANG_WARN_OBJC_LITERAL_CONVERSION = YES;
				CLANG_WARN_OBJC_ROOT_CLASS = YES_ERROR;
				CLANG_WARN_QUOTED_INCLUDE_IN_FRAMEWORK_HEADER = YES;
				CLANG_WARN_RANGE_LOOP_ANALYSIS = YES;
				CLANG_WARN_STRICT_PROTOTYPES = YES;
				CLANG_WARN_SUSPICIOUS_MOVE = YES;
				CLANG_WARN_UNGUARDED_AVAILABILITY = YES_AGGRESSIVE;
				CLANG_WARN_UNREACHABLE_CODE = YES;
				CLANG_WARN__DUPLICATE_METHOD_MATCH = YES;
				COPY_PHASE_STRIP = NO;
				DEBUG_INFORMATION_FORMAT = "dwarf-with-dsym";
				ENABLE_NS_ASSERTIONS = NO;
				ENABLE_STRICT_OBJC_MSGSEND = YES;
				GCC_C_LANGUAGE_STANDARD = gnu11;
				GCC_NO_COMMON_BLOCKS = YES;
				GCC_WARN_64_TO_32_BIT_CONVERSION = YES;
				GCC_WARN_ABOUT_RETURN_TYPE = YES_ERROR;
				GCC_WARN_UNDECLARED_SELECTOR = YES;
				GCC_WARN_UNINITIALIZED_AUTOS = YES_AGGRESSIVE;
				GCC_WARN_UNUSED_FUNCTION = YES;
				GCC_WARN_UNUSED_VARIABLE = YES;
				IPHONEOS_DEPLOYMENT_TARGET = 14.1;
				MTL_ENABLE_DEBUG_INFO = NO;
				MTL_FAST_MATH = YES;
				SDKROOT = iphoneos;
				SWIFT_COMPILATION_MODE = wholemodule;
				SWIFT_OPTIMIZATION_LEVEL = "-O";
				VALIDATE_PRODUCT = YES;
			};
			name = Release;
		};
		DBE94180254986D400F97035 /* Debug */ = {
			isa = XCBuildConfiguration;
			baseConfigurationReference = 9480FBDBCE9F6C6F26FDEE45 /* Pods-Pod-sample-app.debug.xcconfig */;
			buildSettings = {
				ASSETCATALOG_COMPILER_APPICON_NAME = AppIcon;
				ASSETCATALOG_COMPILER_GLOBAL_ACCENT_COLOR_NAME = AccentColor;
				CODE_SIGN_STYLE = Automatic;
				DEVELOPMENT_ASSET_PATHS = "\"Pod-sample-app/Preview Content\"";
				DEVELOPMENT_TEAM = 68F5DK9B95;
				ENABLE_PREVIEWS = YES;
				INFOPLIST_FILE = "Pod-sample-app/Info.plist";
				IPHONEOS_DEPLOYMENT_TARGET = 14.0;
				LD_RUNPATH_SEARCH_PATHS = (
					"$(inherited)",
					"@executable_path/Frameworks",
				);
				PRODUCT_BUNDLE_IDENTIFIER = "com.contentsquare.Pod-sample-app";
				PRODUCT_NAME = "$(TARGET_NAME)";
				SWIFT_VERSION = 5.0;
				TARGETED_DEVICE_FAMILY = "1,2";
			};
			name = Debug;
		};
		DBE94181254986D400F97035 /* Release */ = {
			isa = XCBuildConfiguration;
			baseConfigurationReference = 1991050373457C9566A8A85B /* Pods-Pod-sample-app.release.xcconfig */;
			buildSettings = {
				ASSETCATALOG_COMPILER_APPICON_NAME = AppIcon;
				ASSETCATALOG_COMPILER_GLOBAL_ACCENT_COLOR_NAME = AccentColor;
				CODE_SIGN_STYLE = Automatic;
				DEVELOPMENT_ASSET_PATHS = "\"Pod-sample-app/Preview Content\"";
				DEVELOPMENT_TEAM = 68F5DK9B95;
				ENABLE_PREVIEWS = YES;
				INFOPLIST_FILE = "Pod-sample-app/Info.plist";
				IPHONEOS_DEPLOYMENT_TARGET = 14.0;
				LD_RUNPATH_SEARCH_PATHS = (
					"$(inherited)",
					"@executable_path/Frameworks",
				);
				PRODUCT_BUNDLE_IDENTIFIER = "com.contentsquare.Pod-sample-app";
				PRODUCT_NAME = "$(TARGET_NAME)";
				SWIFT_VERSION = 5.0;
				TARGETED_DEVICE_FAMILY = "1,2";
			};
			name = Release;
		};
/* End XCBuildConfiguration section */

/* Begin XCConfigurationList section */
		DBE9416B254986D100F97035 /* Build configuration list for PBXProject "Pod-sample-app" */ = {
			isa = XCConfigurationList;
			buildConfigurations = (
				DBE9417D254986D400F97035 /* Debug */,
				DBE9417E254986D400F97035 /* Release */,
			);
			defaultConfigurationIsVisible = 0;
			defaultConfigurationName = Release;
		};
		DBE9417F254986D400F97035 /* Build configuration list for PBXNativeTarget "Pod-sample-app" */ = {
			isa = XCConfigurationList;
			buildConfigurations = (
				DBE94180254986D400F97035 /* Debug */,
				DBE94181254986D400F97035 /* Release */,
			);
			defaultConfigurationIsVisible = 0;
			defaultConfigurationName = Release;
		};
/* End XCConfigurationList section */
	};
	rootObject = DBE94168254986D100F97035 /* Project object */;
}
