PODS:
  - CS_iOS_SDK (4.11.0):
    - SwiftProtobuf (~> 1.0)
  - SwiftProtobuf (1.18.0)

DEPENDENCIES:
  - CS_iOS_SDK

SPEC REPOS:
  trunk:
    - CS_iOS_SDK
    - SwiftProtobuf

SPEC CHECKSUMS:
  CS_iOS_SDK: 843a893334851721bd2d104e9c29964378afccea
  SwiftProtobuf: c3c12645230d9b09c72267e0de89468c5543bd86

PODFILE CHECKSUM: 5f2d16f39fcc1cfdcb2a530394b59e5af55dd7a8

COCOAPODS: 1.11.2
