PODS:
  - CS_iOS_SDK (4.30.2):
    - CSCrashReporter (= 0.0.3)
    - SwiftProtobuf (~> 1.0)
  - CSCrashReporter (0.0.3)
  - SwiftProtobuf (1.25.2)

DEPENDENCIES:
  - CS_iOS_SDK

SPEC REPOS:
  trunk:
    - CS_iOS_SDK
    - CSCrashReporter
    - SwiftProtobuf

SPEC CHECKSUMS:
  CS_iOS_SDK: 33f142bcc4f9ea66d3fb328f429dc717ed52bc16
  CSCrashReporter: 49f3987cdf6d1553ebda9f8591c25f13f7517bca
  SwiftProtobuf: 407a385e97fd206c4fbe880cc84123989167e0d1

PODFILE CHECKSUM: 7f6b4c8e783141e595c1068461afdb995c144a3c

COCOAPODS: 1.14.3
