// !$*UTF8*$!
{
	archiveVersion = 1;
	classes = {
	};
	objectVersion = 55;
	objects = {

/* Begin PBXBuildFile section */
		D0EDD24627FC669400DE3E73 /* StaticFramework_sample_appApp.swift in Sources */ = {isa = PBXBuildFile; fileRef = D0EDD24527FC669400DE3E73 /* StaticFramework_sample_appApp.swift */; };
		D0EDD24827FC669400DE3E73 /* ContentView.swift in Sources */ = {isa = PBXBuildFile; fileRef = D0EDD24727FC669400DE3E73 /* ContentView.swift */; };
		D0EDD24A27FC669400DE3E73 /* Assets.xcassets in Resources */ = {isa = PBXBuildFile; fileRef = D0EDD24927FC669400DE3E73 /* Assets.xcassets */; };
		D0EDD24D27FC669400DE3E73 /* Preview Assets.xcassets in Resources */ = {isa = PBXBuildFile; fileRef = D0EDD24C27FC669400DE3E73 /* Preview Assets.xcassets */; };
		D0EDD25527FC670A00DE3E73 /* ContentsquareModule.xcframework in Frameworks */ = {isa = PBXBuildFile; fileRef = D0EDD25427FC670A00DE3E73 /* ContentsquareModule.xcframework */; };
		D0EDD25627FC670A00DE3E73 /* ContentsquareModule.xcframework in Embed Frameworks */ = {isa = PBXBuildFile; fileRef = D0EDD25427FC670A00DE3E73 /* ContentsquareModule.xcframework */; settings = {ATTRIBUTES = (CodeSignOnCopy, RemoveHeadersOnCopy, ); }; };
		D0EDD25927FC671100DE3E73 /* SwiftProtobuf.xcframework in Frameworks */ = {isa = PBXBuildFile; fileRef = D0EDD25827FC671100DE3E73 /* SwiftProtobuf.xcframework */; };
		D0EDD25A27FC671100DE3E73 /* SwiftProtobuf.xcframework in Embed Frameworks */ = {isa = PBXBuildFile; fileRef = D0EDD25827FC671100DE3E73 /* SwiftProtobuf.xcframework */; settings = {ATTRIBUTES = (CodeSignOnCopy, RemoveHeadersOnCopy, ); }; };
/* End PBXBuildFile section */

/* Begin PBXCopyFilesBuildPhase section */
		D0EDD25727FC670A00DE3E73 /* Embed Frameworks */ = {
			isa = PBXCopyFilesBuildPhase;
			buildActionMask = 2147483647;
			dstPath = "";
			dstSubfolderSpec = 10;
			files = (
				D0EDD25A27FC671100DE3E73 /* SwiftProtobuf.xcframework in Embed Frameworks */,
				D0EDD25627FC670A00DE3E73 /* ContentsquareModule.xcframework in Embed Frameworks */,
			);
			name = "Embed Frameworks";
			runOnlyForDeploymentPostprocessing = 0;
		};
/* End PBXCopyFilesBuildPhase section */

/* Begin PBXFileReference section */
		D0EDD24227FC669400DE3E73 /* StaticFramework-sample-app.app */ = {isa = PBXFileReference; explicitFileType = wrapper.application; includeInIndex = 0; path = "StaticFramework-sample-app.app"; sourceTree = BUILT_PRODUCTS_DIR; };
		D0EDD24527FC669400DE3E73 /* StaticFramework_sample_appApp.swift */ = {isa = PBXFileReference; lastKnownFileType = sourcecode.swift; path = StaticFramework_sample_appApp.swift; sourceTree = "<group>"; };
		D0EDD24727FC669400DE3E73 /* ContentView.swift */ = {isa = PBXFileReference; lastKnownFileType = sourcecode.swift; path = ContentView.swift; sourceTree = "<group>"; };
		D0EDD24927FC669400DE3E73 /* Assets.xcassets */ = {isa = PBXFileReference; lastKnownFileType = folder.assetcatalog; path = Assets.xcassets; sourceTree = "<group>"; };
		D0EDD24C27FC669400DE3E73 /* Preview Assets.xcassets */ = {isa = PBXFileReference; lastKnownFileType = folder.assetcatalog; path = "Preview Assets.xcassets"; sourceTree = "<group>"; };
		D0EDD25427FC670A00DE3E73 /* ContentsquareModule.xcframework */ = {isa = PBXFileReference; lastKnownFileType = wrapper.xcframework; name = ContentsquareModule.xcframework; path = ContentsquareModule/ContentsquareModule.xcframework; sourceTree = "<group>"; };
		D0EDD25827FC671100DE3E73 /* SwiftProtobuf.xcframework */ = {isa = PBXFileReference; lastKnownFileType = wrapper.xcframework; name = SwiftProtobuf.xcframework; path = ContentsquareModule/SwiftProtobuf.xcframework; sourceTree = "<group>"; };
/* End PBXFileReference section */

/* Begin PBXFrameworksBuildPhase section */
		D0EDD23F27FC669400DE3E73 /* Frameworks */ = {
			isa = PBXFrameworksBuildPhase;
			buildActionMask = 2147483647;
			files = (
				D0EDD25927FC671100DE3E73 /* SwiftProtobuf.xcframework in Frameworks */,
				D0EDD25527FC670A00DE3E73 /* ContentsquareModule.xcframework in Frameworks */,
			);
			runOnlyForDeploymentPostprocessing = 0;
		};
/* End PBXFrameworksBuildPhase section */

/* Begin PBXGroup section */
		D0EDD23927FC669400DE3E73 = {
			isa = PBXGroup;
			children = (
				D0EDD24427FC669400DE3E73 /* StaticFramework-sample-app */,
				D0EDD24327FC669400DE3E73 /* Products */,
				D0EDD25327FC670A00DE3E73 /* Frameworks */,
			);
			sourceTree = "<group>";
		};
		D0EDD24327FC669400DE3E73 /* Products */ = {
			isa = PBXGroup;
			children = (
				D0EDD24227FC669400DE3E73 /* StaticFramework-sample-app.app */,
			);
			name = Products;
			sourceTree = "<group>";
		};
		D0EDD24427FC669400DE3E73 /* StaticFramework-sample-app */ = {
			isa = PBXGroup;
			children = (
				D0EDD24527FC669400DE3E73 /* StaticFramework_sample_appApp.swift */,
				D0EDD24727FC669400DE3E73 /* ContentView.swift */,
				D0EDD24927FC669400DE3E73 /* Assets.xcassets */,
				D0EDD24B27FC669400DE3E73 /* Preview Content */,
			);
			path = "StaticFramework-sample-app";
			sourceTree = "<group>";
		};
		D0EDD24B27FC669400DE3E73 /* Preview Content */ = {
			isa = PBXGroup;
			children = (
				D0EDD24C27FC669400DE3E73 /* Preview Assets.xcassets */,
			);
			path = "Preview Content";
			sourceTree = "<group>";
		};
		D0EDD25327FC670A00DE3E73 /* Frameworks */ = {
			isa = PBXGroup;
			children = (
				D0EDD25827FC671100DE3E73 /* SwiftProtobuf.xcframework */,
				D0EDD25427FC670A00DE3E73 /* ContentsquareModule.xcframework */,
			);
			name = Frameworks;
			sourceTree = "<group>";
		};
/* End PBXGroup section */

/* Begin PBXNativeTarget section */
		D0EDD24127FC669400DE3E73 /* StaticFramework-sample-app */ = {
			isa = PBXNativeTarget;
			buildConfigurationList = D0EDD25027FC669400DE3E73 /* Build configuration list for PBXNativeTarget "StaticFramework-sample-app" */;
			buildPhases = (
				D0EDD23E27FC669400DE3E73 /* Sources */,
				D0EDD23F27FC669400DE3E73 /* Frameworks */,
				D0EDD24027FC669400DE3E73 /* Resources */,
				D0EDD25727FC670A00DE3E73 /* Embed Frameworks */,
			);
			buildRules = (
			);
			dependencies = (
			);
			name = "StaticFramework-sample-app";
			productName = "StaticFramework-sample-app";
			productReference = D0EDD24227FC669400DE3E73 /* StaticFramework-sample-app.app */;
			productType = "com.apple.product-type.application";
		};
/* End PBXNativeTarget section */

/* Begin PBXProject section */
		D0EDD23A27FC669400DE3E73 /* Project object */ = {
			isa = PBXProject;
			attributes = {
				BuildIndependentTargetsInParallel = 1;
				LastSwiftUpdateCheck = 1330;
				LastUpgradeCheck = 1330;
				TargetAttributes = {
					D0EDD24127FC669400DE3E73 = {
						CreatedOnToolsVersion = 13.3;
					};
				};
			};
			buildConfigurationList = D0EDD23D27FC669400DE3E73 /* Build configuration list for PBXProject "StaticFramework-sample-app" */;
			compatibilityVersion = "Xcode 13.0";
			developmentRegion = en;
			hasScannedForEncodings = 0;
			knownRegions = (
				en,
				Base,
			);
			mainGroup = D0EDD23927FC669400DE3E73;
			productRefGroup = D0EDD24327FC669400DE3E73 /* Products */;
			projectDirPath = "";
			projectRoot = "";
			targets = (
				D0EDD24127FC669400DE3E73 /* StaticFramework-sample-app */,
			);
		};
/* End PBXProject section */

/* Begin PBXResourcesBuildPhase section */
		D0EDD24027FC669400DE3E73 /* Resources */ = {
			isa = PBXResourcesBuildPhase;
			buildActionMask = 2147483647;
			files = (
				D0EDD24D27FC669400DE3E73 /* Preview Assets.xcassets in Resources */,
				D0EDD24A27FC669400DE3E73 /* Assets.xcassets in Resources */,
			);
			runOnlyForDeploymentPostprocessing = 0;
		};
/* End PBXResourcesBuildPhase section */

/* Begin PBXSourcesBuildPhase section */
		D0EDD23E27FC669400DE3E73 /* Sources */ = {
			isa = PBXSourcesBuildPhase;
			buildActionMask = 2147483647;
			files = (
				D0EDD24827FC669400DE3E73 /* ContentView.swift in Sources */,
				D0EDD24627FC669400DE3E73 /* StaticFramework_sample_appApp.swift in Sources */,
			);
			runOnlyForDeploymentPostprocessing = 0;
		};
/* End PBXSourcesBuildPhase section */

/* Begin XCBuildConfiguration section */
		D0EDD24E27FC669400DE3E73 /* Debug */ = {
			isa = XCBuildConfiguration;
			buildSettings = {
				ALWAYS_SEARCH_USER_PATHS = NO;
				CLANG_ANALYZER_NONNULL = YES;
				CLANG_ANALYZER_NUMBER_OBJECT_CONVERSION = YES_AGGRESSIVE;
				CLANG_CXX_LANGUAGE_STANDARD = "gnu++17";
				CLANG_ENABLE_MODULES = YES;
				CLANG_ENABLE_OBJC_ARC = YES;
				CLANG_ENABLE_OBJC_WEAK = YES;
				CLANG_WARN_BLOCK_CAPTURE_AUTORELEASING = YES;
				CLANG_WARN_BOOL_CONVERSION = YES;
				CLANG_WARN_COMMA = YES;
				CLANG_WARN_CONSTANT_CONVERSION = YES;
				CLANG_WARN_DEPRECATED_OBJC_IMPLEMENTATIONS = YES;
				CLANG_WARN_DIRECT_OBJC_ISA_USAGE = YES_ERROR;
				CLANG_WARN_DOCUMENTATION_COMMENTS = YES;
				CLANG_WARN_EMPTY_BODY = YES;
				CLANG_WARN_ENUM_CONVERSION = YES;
				CLANG_WARN_INFINITE_RECURSION = YES;
				CLANG_WARN_INT_CONVERSION = YES;
				CLANG_WARN_NON_LITERAL_NULL_CONVERSION = YES;
				CLANG_WARN_OBJC_IMPLICIT_RETAIN_SELF = YES;
				CLANG_WARN_OBJC_LITERAL_CONVERSION = YES;
				CLANG_WARN_OBJC_ROOT_CLASS = YES_ERROR;
				CLANG_WARN_QUOTED_INCLUDE_IN_FRAMEWORK_HEADER = YES;
				CLANG_WARN_RANGE_LOOP_ANALYSIS = YES;
				CLANG_WARN_STRICT_PROTOTYPES = YES;
				CLANG_WARN_SUSPICIOUS_MOVE = YES;
				CLANG_WARN_UNGUARDED_AVAILABILITY = YES_AGGRESSIVE;
				CLANG_WARN_UNREACHABLE_CODE = YES;
				CLANG_WARN__DUPLICATE_METHOD_MATCH = YES;
				COPY_PHASE_STRIP = NO;
				DEBUG_INFORMATION_FORMAT = dwarf;
				ENABLE_STRICT_OBJC_MSGSEND = YES;
				ENABLE_TESTABILITY = YES;
				GCC_C_LANGUAGE_STANDARD = gnu11;
				GCC_DYNAMIC_NO_PIC = NO;
				GCC_NO_COMMON_BLOCKS = YES;
				GCC_OPTIMIZATION_LEVEL = 0;
				GCC_PREPROCESSOR_DEFINITIONS = (
					"DEBUG=1",
					"$(inherited)",
				);
				GCC_WARN_64_TO_32_BIT_CONVERSION = YES;
				GCC_WARN_ABOUT_RETURN_TYPE = YES_ERROR;
				GCC_WARN_UNDECLARED_SELECTOR = YES;
				GCC_WARN_UNINITIALIZED_AUTOS = YES_AGGRESSIVE;
				GCC_WARN_UNUSED_FUNCTION = YES;
				GCC_WARN_UNUSED_VARIABLE = YES;
				IPHONEOS_DEPLOYMENT_TARGET = 15.4;
				MTL_ENABLE_DEBUG_INFO = INCLUDE_SOURCE;
				MTL_FAST_MATH = YES;
				ONLY_ACTIVE_ARCH = YES;
				SDKROOT = iphoneos;
				SWIFT_ACTIVE_COMPILATION_CONDITIONS = DEBUG;
				SWIFT_OPTIMIZATION_LEVEL = "-Onone";
			};
			name = Debug;
		};
		D0EDD24F27FC669400DE3E73 /* Release */ = {
			isa = XCBuildConfiguration;
			buildSettings = {
				ALWAYS_SEARCH_USER_PATHS = NO;
				CLANG_ANALYZER_NONNULL = YES;
				CLANG_ANALYZER_NUMBER_OBJECT_CONVERSION = YES_AGGRESSIVE;
				CLANG_CXX_LANGUAGE_STANDARD = "gnu++17";
				CLANG_ENABLE_MODULES = YES;
				CLANG_ENABLE_OBJC_ARC = YES;
				CLANG_ENABLE_OBJC_WEAK = YES;
				CLANG_WARN_BLOCK_CAPTURE_AUTORELEASING = YES;
				CLANG_WARN_BOOL_CONVERSION = YES;
				CLANG_WARN_COMMA = YES;
				CLANG_WARN_CONSTANT_CONVERSION = YES;
				CLANG_WARN_DEPRECATED_OBJC_IMPLEMENTATIONS = YES;
				CLANG_WARN_DIRECT_OBJC_ISA_USAGE = YES_ERROR;
				CLANG_WARN_DOCUMENTATION_COMMENTS = YES;
				CLANG_WARN_EMPTY_BODY = YES;
				CLANG_WARN_ENUM_CONVERSION = YES;
				CLANG_WARN_INFINITE_RECURSION = YES;
				CLANG_WARN_INT_CONVERSION = YES;
				CLANG_WARN_NON_LITERAL_NULL_CONVERSION = YES;
				CLANG_WARN_OBJC_IMPLICIT_RETAIN_SELF = YES;
				CLANG_WARN_OBJC_LITERAL_CONVERSION = YES;
				CLANG_WARN_OBJC_ROOT_CLASS = YES_ERROR;
				CLANG_WARN_QUOTED_INCLUDE_IN_FRAMEWORK_HEADER = YES;
				CLANG_WARN_RANGE_LOOP_ANALYSIS = YES;
				CLANG_WARN_STRICT_PROTOTYPES = YES;
				CLANG_WARN_SUSPICIOUS_MOVE = YES;
				CLANG_WARN_UNGUARDED_AVAILABILITY = YES_AGGRESSIVE;
				CLANG_WARN_UNREACHABLE_CODE = YES;
				CLANG_WARN__DUPLICATE_METHOD_MATCH = YES;
				COPY_PHASE_STRIP = NO;
				DEBUG_INFORMATION_FORMAT = "dwarf-with-dsym";
				ENABLE_NS_ASSERTIONS = NO;
				ENABLE_STRICT_OBJC_MSGSEND = YES;
				GCC_C_LANGUAGE_STANDARD = gnu11;
				GCC_NO_COMMON_BLOCKS = YES;
				GCC_WARN_64_TO_32_BIT_CONVERSION = YES;
				GCC_WARN_ABOUT_RETURN_TYPE = YES_ERROR;
				GCC_WARN_UNDECLARED_SELECTOR = YES;
				GCC_WARN_UNINITIALIZED_AUTOS = YES_AGGRESSIVE;
				GCC_WARN_UNUSED_FUNCTION = YES;
				GCC_WARN_UNUSED_VARIABLE = YES;
				IPHONEOS_DEPLOYMENT_TARGET = 15.4;
				MTL_ENABLE_DEBUG_INFO = NO;
				MTL_FAST_MATH = YES;
				SDKROOT = iphoneos;
				SWIFT_COMPILATION_MODE = wholemodule;
				SWIFT_OPTIMIZATION_LEVEL = "-O";
				VALIDATE_PRODUCT = YES;
			};
			name = Release;
		};
		D0EDD25127FC669400DE3E73 /* Debug */ = {
			isa = XCBuildConfiguration;
			buildSettings = {
				ASSETCATALOG_COMPILER_APPICON_NAME = AppIcon;
				ASSETCATALOG_COMPILER_GLOBAL_ACCENT_COLOR_NAME = AccentColor;
				CODE_SIGN_STYLE = Automatic;
				CURRENT_PROJECT_VERSION = 1;
				DEVELOPMENT_ASSET_PATHS = "\"StaticFramework-sample-app/Preview Content\"";
				ENABLE_PREVIEWS = YES;
				GENERATE_INFOPLIST_FILE = YES;
				INFOPLIST_KEY_UIApplicationSceneManifest_Generation = YES;
				INFOPLIST_KEY_UIApplicationSupportsIndirectInputEvents = YES;
				INFOPLIST_KEY_UILaunchScreen_Generation = YES;
				INFOPLIST_KEY_UISupportedInterfaceOrientations_iPad = "UIInterfaceOrientationPortrait UIInterfaceOrientationPortraitUpsideDown UIInterfaceOrientationLandscapeLeft UIInterfaceOrientationLandscapeRight";
				INFOPLIST_KEY_UISupportedInterfaceOrientations_iPhone = "UIInterfaceOrientationPortrait UIInterfaceOrientationLandscapeLeft UIInterfaceOrientationLandscapeRight";
				LD_RUNPATH_SEARCH_PATHS = (
					"$(inherited)",
					"@executable_path/Frameworks",
				);
				MARKETING_VERSION = 1.0;
				PRODUCT_BUNDLE_IDENTIFIER = "com.StaticFramework-sample-app";
				PRODUCT_NAME = "$(TARGET_NAME)";
				SWIFT_EMIT_LOC_STRINGS = YES;
				SWIFT_VERSION = 5.0;
				TARGETED_DEVICE_FAMILY = "1,2";
			};
			name = Debug;
		};
		D0EDD25227FC669400DE3E73 /* Release */ = {
			isa = XCBuildConfiguration;
			buildSettings = {
				ASSETCATALOG_COMPILER_APPICON_NAME = AppIcon;
				ASSETCATALOG_COMPILER_GLOBAL_ACCENT_COLOR_NAME = AccentColor;
				CODE_SIGN_STYLE = Automatic;
				CURRENT_PROJECT_VERSION = 1;
				DEVELOPMENT_ASSET_PATHS = "\"StaticFramework-sample-app/Preview Content\"";
				ENABLE_PREVIEWS = YES;
				GENERATE_INFOPLIST_FILE = YES;
				INFOPLIST_KEY_UIApplicationSceneManifest_Generation = YES;
				INFOPLIST_KEY_UIApplicationSupportsIndirectInputEvents = YES;
				INFOPLIST_KEY_UILaunchScreen_Generation = YES;
				INFOPLIST_KEY_UISupportedInterfaceOrientations_iPad = "UIInterfaceOrientationPortrait UIInterfaceOrientationPortraitUpsideDown UIInterfaceOrientationLandscapeLeft UIInterfaceOrientationLandscapeRight";
				INFOPLIST_KEY_UISupportedInterfaceOrientations_iPhone = "UIInterfaceOrientationPortrait UIInterfaceOrientationLandscapeLeft UIInterfaceOrientationLandscapeRight";
				LD_RUNPATH_SEARCH_PATHS = (
					"$(inherited)",
					"@executable_path/Frameworks",
				);
				MARKETING_VERSION = 1.0;
				PRODUCT_BUNDLE_IDENTIFIER = "com.StaticFramework-sample-app";
				PRODUCT_NAME = "$(TARGET_NAME)";
				SWIFT_EMIT_LOC_STRINGS = YES;
				SWIFT_VERSION = 5.0;
				TARGETED_DEVICE_FAMILY = "1,2";
			};
			name = Release;
		};
/* End XCBuildConfiguration section */

/* Begin XCConfigurationList section */
		D0EDD23D27FC669400DE3E73 /* Build configuration list for PBXProject "StaticFramework-sample-app" */ = {
			isa = XCConfigurationList;
			buildConfigurations = (
				D0EDD24E27FC669400DE3E73 /* Debug */,
				D0EDD24F27FC669400DE3E73 /* Release */,
			);
			defaultConfigurationIsVisible = 0;
			defaultConfigurationName = Release;
		};
		D0EDD25027FC669400DE3E73 /* Build configuration list for PBXNativeTarget "StaticFramework-sample-app" */ = {
			isa = XCConfigurationList;
			buildConfigurations = (
				D0EDD25127FC669400DE3E73 /* Debug */,
				D0EDD25227FC669400DE3E73 /* Release */,
			);
			defaultConfigurationIsVisible = 0;
			defaultConfigurationName = Release;
		};
/* End XCConfigurationList section */
	};
	rootObject = D0EDD23A27FC669400DE3E73 /* Project object */;
}
