{
  "pins" : [
    {
      "identity" : "cs_ios_crashreporter",
      "kind" : "remoteSourceControl",
      "location" : "https://github.com/ContentSquare/CS_iOS_CrashReporter.git",
      "state" : {
        "revision" : "9f00d53c3d2c7a0b2d92a694fc9d4c993bb2b157",
        "version" : "1.0.1"
      }
    },
    {
      "identity" : "cs_ios_sdk",
      "kind" : "remoteSourceControl",
      "location" : "https://github.com/ContentSquare/CS_iOS_SDK.git",
      "state" : {
        "revision" : "6e4ef46900d60d4abbabe4fd3f1abf389a287584",
        "version" : "4.41.2"
      }
    },
    {
      "identity" : "csswiftprotobuf",
      "kind" : "remoteSourceControl",
      "location" : "https://github.com/ContentSquare/CSSwiftProtobuf.git",
      "state" : {
        "revision" : "69144f5873981ce36d53ec188da920f0e05d4cf2",
        "version" : "1.28.2"
      }
    }
  ],
  "version" : 2
}
