{
  "originHash" : "e8fc0097cefdec18c729efb6c1737c4c3ec3bb68c205eeb225789f806a763c98",
  "pins" : [
    {
      "identity" : "cs_ios_crashreporter",
      "kind" : "remoteSourceControl",
      "location" : "https://github.com/ContentSquare/CS_iOS_CrashReporter.git",
      "state" : {
        "revision" : "9f00d53c3d2c7a0b2d92a694fc9d4c993bb2b157",
        "version" : "1.0.1"
      }
    },
    {
      "identity" : "cs_ios_sdk",
      "kind" : "remoteSourceControl",
      "location" : "https://github.com/ContentSquare/CS_iOS_SDK.git",
      "state" : {
        "revision" : "6bffa7677beec7c9d12617a27e28168666528f3d",
        "version" : "4.45.3"
      }
    },
    {
      "identity" : "csswiftprotobuf",
      "kind" : "remoteSourceControl",
      "location" : "https://github.com/ContentSquare/CSSwiftProtobuf.git",
      "state" : {
        "revision" : "0f26877bd719c45219a3063696d0d1d600a08c48",
        "version" : "1.33.3"
      }
    }
  ],
  "version" : 3
}
