// !$*UTF8*$!
{
	archiveVersion = 1;
	classes = {
	};
	objectVersion = 55;
	objects = {

/* Begin PBXBuildFile section */
		485B2B392976FCA800790385 /* CustomVariablesViewController.swift in Sources */ = {isa = PBXBuildFile; fileRef = 485B2B382976FCA800790385 /* CustomVariablesViewController.swift */; };
		D03E1DF027FF0E99003BAB8D /* MaskingUseCasesViewController.swift in Sources */ = {isa = PBXBuildFile; fileRef = D03E1DEE27FF0E99003BAB8D /* MaskingUseCasesViewController.swift */; };
		D03E1DF127FF0E99003BAB8D /* MaskingViewController.swift in Sources */ = {isa = PBXBuildFile; fileRef = D03E1DEF27FF0E99003BAB8D /* MaskingViewController.swift */; };
		D03E1DF927FF0EE4003BAB8D /* ModalScreenViews.storyboard in Resources */ = {isa = PBXBuildFile; fileRef = D03E1DF827FF0EE4003BAB8D /* ModalScreenViews.storyboard */; };
		D03E1DFE27FF0EF1003BAB8D /* ProgrammaticModalPresentingViewController.swift in Sources */ = {isa = PBXBuildFile; fileRef = D03E1DFA27FF0EF1003BAB8D /* ProgrammaticModalPresentingViewController.swift */; };
		D03E1DFF27FF0EF1003BAB8D /* ProgrammaticModalViewController.swift in Sources */ = {isa = PBXBuildFile; fileRef = D03E1DFB27FF0EF1003BAB8D /* ProgrammaticModalViewController.swift */; };
		D03E1E0027FF0EF1003BAB8D /* ModalPresentingViewController.swift in Sources */ = {isa = PBXBuildFile; fileRef = D03E1DFC27FF0EF1003BAB8D /* ModalPresentingViewController.swift */; };
		D03E1E0127FF0EF1003BAB8D /* DismissalDelegate.swift in Sources */ = {isa = PBXBuildFile; fileRef = D03E1DFD27FF0EF1003BAB8D /* DismissalDelegate.swift */; };
		D03E1E0427FF0F16003BAB8D /* Page.xib in Resources */ = {isa = PBXBuildFile; fileRef = D03E1E0227FF0F16003BAB8D /* Page.xib */; };
		D03E1E0527FF0F16003BAB8D /* PagedScrollViews.swift in Sources */ = {isa = PBXBuildFile; fileRef = D03E1E0327FF0F16003BAB8D /* PagedScrollViews.swift */; };
		D03E1E0827FF0F25003BAB8D /* DefaultScreenViewController.swift in Sources */ = {isa = PBXBuildFile; fileRef = D03E1E0627FF0F25003BAB8D /* DefaultScreenViewController.swift */; };
		D03E1E0927FF0F25003BAB8D /* ScreenViews.storyboard in Resources */ = {isa = PBXBuildFile; fileRef = D03E1E0727FF0F25003BAB8D /* ScreenViews.storyboard */; };
		D03E1E0C27FF0F43003BAB8D /* TrackedViewControllers.swift in Sources */ = {isa = PBXBuildFile; fileRef = D03E1E0A27FF0F43003BAB8D /* TrackedViewControllers.swift */; };
		D03E1E0D27FF0F43003BAB8D /* UIViewController+trackScreenview.swift in Sources */ = {isa = PBXBuildFile; fileRef = D03E1E0B27FF0F43003BAB8D /* UIViewController+trackScreenview.swift */; };
		D03E1E0F27FF1088003BAB8D /* DynamicVariablesViewController.swift in Sources */ = {isa = PBXBuildFile; fileRef = D03E1E0E27FF1088003BAB8D /* DynamicVariablesViewController.swift */; };
		D03E1E1127FF108D003BAB8D /* PrivacyViewController.swift in Sources */ = {isa = PBXBuildFile; fileRef = D03E1E1027FF108D003BAB8D /* PrivacyViewController.swift */; };
		D03E1E1327FF109B003BAB8D /* TransactionsViewController.swift in Sources */ = {isa = PBXBuildFile; fileRef = D03E1E1227FF109B003BAB8D /* TransactionsViewController.swift */; };
		D0DBD95427FEC524007D128F /* AppDelegate.swift in Sources */ = {isa = PBXBuildFile; fileRef = D0DBD95327FEC524007D128F /* AppDelegate.swift */; };
		D0DBD95627FEC524007D128F /* SceneDelegate.swift in Sources */ = {isa = PBXBuildFile; fileRef = D0DBD95527FEC524007D128F /* SceneDelegate.swift */; };
		D0DBD95D27FEC525007D128F /* Assets.xcassets in Resources */ = {isa = PBXBuildFile; fileRef = D0DBD95C27FEC525007D128F /* Assets.xcassets */; };
		D0DBD96027FEC525007D128F /* LaunchScreen.storyboard in Resources */ = {isa = PBXBuildFile; fileRef = D0DBD95E27FEC525007D128F /* LaunchScreen.storyboard */; };
		D0F846702D3E87000088F227 /* ETRViewController.swift in Sources */ = {isa = PBXBuildFile; fileRef = D0F8466F2D3E87000088F227 /* ETRViewController.swift */; };
		FBAC39962950827C00DCFCD4 /* ContentsquareModule in Frameworks */ = {isa = PBXBuildFile; productRef = FBAC39952950827C00DCFCD4 /* ContentsquareModule */; };
		FBAC399A2950840C00DCFCD4 /* ErrorAnalysisViewController.swift in Sources */ = {isa = PBXBuildFile; fileRef = FBAC39992950840C00DCFCD4 /* ErrorAnalysisViewController.swift */; };
		FBD8CCA62953597E006AA162 /* Main.storyboard in Resources */ = {isa = PBXBuildFile; fileRef = D03E1DEA27FF0E74003BAB8D /* Main.storyboard */; };
/* End PBXBuildFile section */

/* Begin PBXFileReference section */
		485B2B382976FCA800790385 /* CustomVariablesViewController.swift */ = {isa = PBXFileReference; lastKnownFileType = sourcecode.swift; path = CustomVariablesViewController.swift; sourceTree = "<group>"; };
		D03E1DEA27FF0E74003BAB8D /* Main.storyboard */ = {isa = PBXFileReference; lastKnownFileType = file.storyboard; name = Main.storyboard; path = ../Shared/Base.lproj/Main.storyboard; sourceTree = "<group>"; };
		D03E1DEE27FF0E99003BAB8D /* MaskingUseCasesViewController.swift */ = {isa = PBXFileReference; fileEncoding = 4; lastKnownFileType = sourcecode.swift; path = MaskingUseCasesViewController.swift; sourceTree = "<group>"; };
		D03E1DEF27FF0E99003BAB8D /* MaskingViewController.swift */ = {isa = PBXFileReference; fileEncoding = 4; lastKnownFileType = sourcecode.swift; path = MaskingViewController.swift; sourceTree = "<group>"; };
		D03E1DF827FF0EE4003BAB8D /* ModalScreenViews.storyboard */ = {isa = PBXFileReference; fileEncoding = 4; lastKnownFileType = file.storyboard; path = ModalScreenViews.storyboard; sourceTree = "<group>"; };
		D03E1DFA27FF0EF1003BAB8D /* ProgrammaticModalPresentingViewController.swift */ = {isa = PBXFileReference; fileEncoding = 4; lastKnownFileType = sourcecode.swift; path = ProgrammaticModalPresentingViewController.swift; sourceTree = "<group>"; };
		D03E1DFB27FF0EF1003BAB8D /* ProgrammaticModalViewController.swift */ = {isa = PBXFileReference; fileEncoding = 4; lastKnownFileType = sourcecode.swift; path = ProgrammaticModalViewController.swift; sourceTree = "<group>"; };
		D03E1DFC27FF0EF1003BAB8D /* ModalPresentingViewController.swift */ = {isa = PBXFileReference; fileEncoding = 4; lastKnownFileType = sourcecode.swift; path = ModalPresentingViewController.swift; sourceTree = "<group>"; };
		D03E1DFD27FF0EF1003BAB8D /* DismissalDelegate.swift */ = {isa = PBXFileReference; fileEncoding = 4; lastKnownFileType = sourcecode.swift; path = DismissalDelegate.swift; sourceTree = "<group>"; };
		D03E1E0227FF0F16003BAB8D /* Page.xib */ = {isa = PBXFileReference; fileEncoding = 4; lastKnownFileType = file.xib; path = Page.xib; sourceTree = "<group>"; };
		D03E1E0327FF0F16003BAB8D /* PagedScrollViews.swift */ = {isa = PBXFileReference; fileEncoding = 4; lastKnownFileType = sourcecode.swift; path = PagedScrollViews.swift; sourceTree = "<group>"; };
		D03E1E0627FF0F25003BAB8D /* DefaultScreenViewController.swift */ = {isa = PBXFileReference; fileEncoding = 4; lastKnownFileType = sourcecode.swift; path = DefaultScreenViewController.swift; sourceTree = "<group>"; };
		D03E1E0727FF0F25003BAB8D /* ScreenViews.storyboard */ = {isa = PBXFileReference; fileEncoding = 4; lastKnownFileType = file.storyboard; path = ScreenViews.storyboard; sourceTree = "<group>"; };
		D03E1E0A27FF0F43003BAB8D /* TrackedViewControllers.swift */ = {isa = PBXFileReference; fileEncoding = 4; lastKnownFileType = sourcecode.swift; path = TrackedViewControllers.swift; sourceTree = "<group>"; };
		D03E1E0B27FF0F43003BAB8D /* UIViewController+trackScreenview.swift */ = {isa = PBXFileReference; fileEncoding = 4; lastKnownFileType = sourcecode.swift; path = "UIViewController+trackScreenview.swift"; sourceTree = "<group>"; };
		D03E1E0E27FF1088003BAB8D /* DynamicVariablesViewController.swift */ = {isa = PBXFileReference; fileEncoding = 4; lastKnownFileType = sourcecode.swift; path = DynamicVariablesViewController.swift; sourceTree = "<group>"; };
		D03E1E1027FF108D003BAB8D /* PrivacyViewController.swift */ = {isa = PBXFileReference; fileEncoding = 4; lastKnownFileType = sourcecode.swift; path = PrivacyViewController.swift; sourceTree = "<group>"; };
		D03E1E1227FF109B003BAB8D /* TransactionsViewController.swift */ = {isa = PBXFileReference; fileEncoding = 4; lastKnownFileType = sourcecode.swift; path = TransactionsViewController.swift; sourceTree = "<group>"; };
		D0DBD95027FEC524007D128F /* SPM-sample-app.app */ = {isa = PBXFileReference; explicitFileType = wrapper.application; includeInIndex = 0; path = "SPM-sample-app.app"; sourceTree = BUILT_PRODUCTS_DIR; };
		D0DBD95327FEC524007D128F /* AppDelegate.swift */ = {isa = PBXFileReference; lastKnownFileType = sourcecode.swift; name = AppDelegate.swift; path = App/AppDelegate.swift; sourceTree = "<group>"; };
		D0DBD95527FEC524007D128F /* SceneDelegate.swift */ = {isa = PBXFileReference; lastKnownFileType = sourcecode.swift; name = SceneDelegate.swift; path = App/SceneDelegate.swift; sourceTree = "<group>"; };
		D0DBD95C27FEC525007D128F /* Assets.xcassets */ = {isa = PBXFileReference; lastKnownFileType = folder.assetcatalog; name = Assets.xcassets; path = App/Assets.xcassets; sourceTree = "<group>"; };
		D0DBD95F27FEC525007D128F /* Base */ = {isa = PBXFileReference; lastKnownFileType = file.storyboard; name = Base; path = Base.lproj/LaunchScreen.storyboard; sourceTree = "<group>"; };
		D0DBD96127FEC525007D128F /* Info.plist */ = {isa = PBXFileReference; lastKnownFileType = text.plist.xml; name = Info.plist; path = App/Info.plist; sourceTree = "<group>"; };
		D0F8466F2D3E87000088F227 /* ETRViewController.swift */ = {isa = PBXFileReference; lastKnownFileType = sourcecode.swift; path = ETRViewController.swift; sourceTree = "<group>"; };
		FBAC39992950840C00DCFCD4 /* ErrorAnalysisViewController.swift */ = {isa = PBXFileReference; fileEncoding = 4; lastKnownFileType = sourcecode.swift; path = ErrorAnalysisViewController.swift; sourceTree = "<group>"; };
/* End PBXFileReference section */

/* Begin PBXFrameworksBuildPhase section */
		D0DBD94D27FEC524007D128F /* Frameworks */ = {
			isa = PBXFrameworksBuildPhase;
			buildActionMask = 2147483647;
			files = (
				FBAC39962950827C00DCFCD4 /* ContentsquareModule in Frameworks */,
			);
			runOnlyForDeploymentPostprocessing = 0;
		};
/* End PBXFrameworksBuildPhase section */

/* Begin PBXGroup section */
		485B2B372976FC8A00790385 /* CustomVariables */ = {
			isa = PBXGroup;
			children = (
				485B2B382976FCA800790385 /* CustomVariablesViewController.swift */,
			);
			path = CustomVariables;
			sourceTree = "<group>";
		};
		D03E1DE827FF0D40003BAB8D /* Masking */ = {
			isa = PBXGroup;
			children = (
				D03E1DEE27FF0E99003BAB8D /* MaskingUseCasesViewController.swift */,
				D03E1DEF27FF0E99003BAB8D /* MaskingViewController.swift */,
			);
			path = Masking;
			sourceTree = "<group>";
		};
		D03E1DEC27FF0E7F003BAB8D /* ScreenviewUtils */ = {
			isa = PBXGroup;
			children = (
				D03E1E0A27FF0F43003BAB8D /* TrackedViewControllers.swift */,
				D03E1E0B27FF0F43003BAB8D /* UIViewController+trackScreenview.swift */,
			);
			path = ScreenviewUtils;
			sourceTree = "<group>";
		};
		D03E1DED27FF0E8C003BAB8D /* Showcases */ = {
			isa = PBXGroup;
			children = (
				D0F8466E2D3E86E70088F227 /* ETR */,
				485B2B372976FC8A00790385 /* CustomVariables */,
				D03E1DF427FF0EBA003BAB8D /* DynamicVariables */,
				FBAC39982950840C00DCFCD4 /* ErrorAnalysis */,
				D03E1DF327FF0EB5003BAB8D /* Privacy */,
				D03E1DF527FF0EC3003BAB8D /* Screen Views */,
				D03E1DF227FF0EAB003BAB8D /* Transactions */,
			);
			path = Showcases;
			sourceTree = "<group>";
		};
		D03E1DF227FF0EAB003BAB8D /* Transactions */ = {
			isa = PBXGroup;
			children = (
				D03E1E1227FF109B003BAB8D /* TransactionsViewController.swift */,
			);
			path = Transactions;
			sourceTree = "<group>";
		};
		D03E1DF327FF0EB5003BAB8D /* Privacy */ = {
			isa = PBXGroup;
			children = (
				D03E1E1027FF108D003BAB8D /* PrivacyViewController.swift */,
			);
			path = Privacy;
			sourceTree = "<group>";
		};
		D03E1DF427FF0EBA003BAB8D /* DynamicVariables */ = {
			isa = PBXGroup;
			children = (
				D03E1E0E27FF1088003BAB8D /* DynamicVariablesViewController.swift */,
			);
			path = DynamicVariables;
			sourceTree = "<group>";
		};
		D03E1DF527FF0EC3003BAB8D /* Screen Views */ = {
			isa = PBXGroup;
			children = (
				D03E1E0727FF0F25003BAB8D /* ScreenViews.storyboard */,
				D03E1E0627FF0F25003BAB8D /* DefaultScreenViewController.swift */,
				D03E1DF727FF0ED4003BAB8D /* Paged Scroll Views */,
				D03E1DF627FF0ECF003BAB8D /* Modals */,
			);
			path = "Screen Views";
			sourceTree = "<group>";
		};
		D03E1DF627FF0ECF003BAB8D /* Modals */ = {
			isa = PBXGroup;
			children = (
				D03E1DF827FF0EE4003BAB8D /* ModalScreenViews.storyboard */,
				D03E1DFD27FF0EF1003BAB8D /* DismissalDelegate.swift */,
				D03E1DFC27FF0EF1003BAB8D /* ModalPresentingViewController.swift */,
				D03E1DFA27FF0EF1003BAB8D /* ProgrammaticModalPresentingViewController.swift */,
				D03E1DFB27FF0EF1003BAB8D /* ProgrammaticModalViewController.swift */,
			);
			path = Modals;
			sourceTree = "<group>";
		};
		D03E1DF727FF0ED4003BAB8D /* Paged Scroll Views */ = {
			isa = PBXGroup;
			children = (
				D03E1E0227FF0F16003BAB8D /* Page.xib */,
				D03E1E0327FF0F16003BAB8D /* PagedScrollViews.swift */,
			);
			path = "Paged Scroll Views";
			sourceTree = "<group>";
		};
		D0DBD94727FEC524007D128F = {
			isa = PBXGroup;
			children = (
				D0DBD95227FEC524007D128F /* Shared */,
				D0DBD95127FEC524007D128F /* Products */,
			);
			sourceTree = "<group>";
		};
		D0DBD95127FEC524007D128F /* Products */ = {
			isa = PBXGroup;
			children = (
				D0DBD95027FEC524007D128F /* SPM-sample-app.app */,
			);
			name = Products;
			sourceTree = "<group>";
		};
		D0DBD95227FEC524007D128F /* Shared */ = {
			isa = PBXGroup;
			children = (
				D03E1DEC27FF0E7F003BAB8D /* ScreenviewUtils */,
				D03E1DED27FF0E8C003BAB8D /* Showcases */,
				D03E1DE827FF0D40003BAB8D /* Masking */,
				D0DBD95327FEC524007D128F /* AppDelegate.swift */,
				D0DBD95527FEC524007D128F /* SceneDelegate.swift */,
				D03E1DEA27FF0E74003BAB8D /* Main.storyboard */,
				D0DBD95C27FEC525007D128F /* Assets.xcassets */,
				D0DBD95E27FEC525007D128F /* LaunchScreen.storyboard */,
				D0DBD96127FEC525007D128F /* Info.plist */,
			);
			name = Shared;
			path = ../Shared;
			sourceTree = "<group>";
		};
		D0F8466E2D3E86E70088F227 /* ETR */ = {
			isa = PBXGroup;
			children = (
				D0F8466F2D3E87000088F227 /* ETRViewController.swift */,
			);
			path = ETR;
			sourceTree = "<group>";
		};
		FBAC39982950840C00DCFCD4 /* ErrorAnalysis */ = {
			isa = PBXGroup;
			children = (
				FBAC39992950840C00DCFCD4 /* ErrorAnalysisViewController.swift */,
			);
			path = ErrorAnalysis;
			sourceTree = "<group>";
		};
/* End PBXGroup section */

/* Begin PBXNativeTarget section */
		D0DBD94F27FEC524007D128F /* SPM-sample-app */ = {
			isa = PBXNativeTarget;
			buildConfigurationList = D0DBD96427FEC525007D128F /* Build configuration list for PBXNativeTarget "SPM-sample-app" */;
			buildPhases = (
				D0DBD94C27FEC524007D128F /* Sources */,
				D0DBD94D27FEC524007D128F /* Frameworks */,
				D0DBD94E27FEC524007D128F /* Resources */,
			);
			buildRules = (
			);
			dependencies = (
			);
			name = "SPM-sample-app";
			packageProductDependencies = (
				FBAC39952950827C00DCFCD4 /* ContentsquareModule */,
			);
			productName = "SPM-sample-app";
			productReference = D0DBD95027FEC524007D128F /* SPM-sample-app.app */;
			productType = "com.apple.product-type.application";
		};
/* End PBXNativeTarget section */

/* Begin PBXProject section */
		D0DBD94827FEC524007D128F /* Project object */ = {
			isa = PBXProject;
			attributes = {
				BuildIndependentTargetsInParallel = 1;
				LastSwiftUpdateCheck = 1330;
				LastUpgradeCheck = 1330;
				TargetAttributes = {
					D0DBD94F27FEC524007D128F = {
						CreatedOnToolsVersion = 13.3;
					};
				};
			};
			buildConfigurationList = D0DBD94B27FEC524007D128F /* Build configuration list for PBXProject "SPM-sample-app" */;
			compatibilityVersion = "Xcode 13.0";
			developmentRegion = en;
			hasScannedForEncodings = 0;
			knownRegions = (
				en,
				Base,
			);
			mainGroup = D0DBD94727FEC524007D128F;
			packageReferences = (
				FBAC39922950827C00DCFCD4 /* XCRemoteSwiftPackageReference "CS_iOS_SDK" */,
			);
			productRefGroup = D0DBD95127FEC524007D128F /* Products */;
			projectDirPath = "";
			projectRoot = "";
			targets = (
				D0DBD94F27FEC524007D128F /* SPM-sample-app */,
			);
		};
/* End PBXProject section */

/* Begin PBXResourcesBuildPhase section */
		D0DBD94E27FEC524007D128F /* Resources */ = {
			isa = PBXResourcesBuildPhase;
			buildActionMask = 2147483647;
			files = (
				FBD8CCA62953597E006AA162 /* Main.storyboard in Resources */,
				D03E1E0927FF0F25003BAB8D /* ScreenViews.storyboard in Resources */,
				D03E1E0427FF0F16003BAB8D /* Page.xib in Resources */,
				D03E1DF927FF0EE4003BAB8D /* ModalScreenViews.storyboard in Resources */,
				D0DBD96027FEC525007D128F /* LaunchScreen.storyboard in Resources */,
				D0DBD95D27FEC525007D128F /* Assets.xcassets in Resources */,
			);
			runOnlyForDeploymentPostprocessing = 0;
		};
/* End PBXResourcesBuildPhase section */

/* Begin PBXSourcesBuildPhase section */
		D0DBD94C27FEC524007D128F /* Sources */ = {
			isa = PBXSourcesBuildPhase;
			buildActionMask = 2147483647;
			files = (
				D03E1E0C27FF0F43003BAB8D /* TrackedViewControllers.swift in Sources */,
				D03E1E0827FF0F25003BAB8D /* DefaultScreenViewController.swift in Sources */,
				D0F846702D3E87000088F227 /* ETRViewController.swift in Sources */,
				D0DBD95427FEC524007D128F /* AppDelegate.swift in Sources */,
				D03E1E1127FF108D003BAB8D /* PrivacyViewController.swift in Sources */,
				D03E1DF027FF0E99003BAB8D /* MaskingUseCasesViewController.swift in Sources */,
				D03E1E0027FF0EF1003BAB8D /* ModalPresentingViewController.swift in Sources */,
				D03E1DFF27FF0EF1003BAB8D /* ProgrammaticModalViewController.swift in Sources */,
				D03E1E0F27FF1088003BAB8D /* DynamicVariablesViewController.swift in Sources */,
				D03E1E0527FF0F16003BAB8D /* PagedScrollViews.swift in Sources */,
				D0DBD95627FEC524007D128F /* SceneDelegate.swift in Sources */,
				D03E1DF127FF0E99003BAB8D /* MaskingViewController.swift in Sources */,
				FBAC399A2950840C00DCFCD4 /* ErrorAnalysisViewController.swift in Sources */,
				485B2B392976FCA800790385 /* CustomVariablesViewController.swift in Sources */,
				D03E1E0D27FF0F43003BAB8D /* UIViewController+trackScreenview.swift in Sources */,
				D03E1E0127FF0EF1003BAB8D /* DismissalDelegate.swift in Sources */,
				D03E1DFE27FF0EF1003BAB8D /* ProgrammaticModalPresentingViewController.swift in Sources */,
				D03E1E1327FF109B003BAB8D /* TransactionsViewController.swift in Sources */,
			);
			runOnlyForDeploymentPostprocessing = 0;
		};
/* End PBXSourcesBuildPhase section */

/* Begin PBXVariantGroup section */
		D0DBD95E27FEC525007D128F /* LaunchScreen.storyboard */ = {
			isa = PBXVariantGroup;
			children = (
				D0DBD95F27FEC525007D128F /* Base */,
			);
			name = LaunchScreen.storyboard;
			path = ../Shared;
			sourceTree = "<group>";
		};
/* End PBXVariantGroup section */

/* Begin XCBuildConfiguration section */
		D0DBD96227FEC525007D128F /* Debug */ = {
			isa = XCBuildConfiguration;
			buildSettings = {
				ALWAYS_SEARCH_USER_PATHS = NO;
				CLANG_ANALYZER_NONNULL = YES;
				CLANG_ANALYZER_NUMBER_OBJECT_CONVERSION = YES_AGGRESSIVE;
				CLANG_CXX_LANGUAGE_STANDARD = "gnu++17";
				CLANG_ENABLE_MODULES = YES;
				CLANG_ENABLE_OBJC_ARC = YES;
				CLANG_ENABLE_OBJC_WEAK = YES;
				CLANG_WARN_BLOCK_CAPTURE_AUTORELEASING = YES;
				CLANG_WARN_BOOL_CONVERSION = YES;
				CLANG_WARN_COMMA = YES;
				CLANG_WARN_CONSTANT_CONVERSION = YES;
				CLANG_WARN_DEPRECATED_OBJC_IMPLEMENTATIONS = YES;
				CLANG_WARN_DIRECT_OBJC_ISA_USAGE = YES_ERROR;
				CLANG_WARN_DOCUMENTATION_COMMENTS = YES;
				CLANG_WARN_EMPTY_BODY = YES;
				CLANG_WARN_ENUM_CONVERSION = YES;
				CLANG_WARN_INFINITE_RECURSION = YES;
				CLANG_WARN_INT_CONVERSION = YES;
				CLANG_WARN_NON_LITERAL_NULL_CONVERSION = YES;
				CLANG_WARN_OBJC_IMPLICIT_RETAIN_SELF = YES;
				CLANG_WARN_OBJC_LITERAL_CONVERSION = YES;
				CLANG_WARN_OBJC_ROOT_CLASS = YES_ERROR;
				CLANG_WARN_QUOTED_INCLUDE_IN_FRAMEWORK_HEADER = YES;
				CLANG_WARN_RANGE_LOOP_ANALYSIS = YES;
				CLANG_WARN_STRICT_PROTOTYPES = YES;
				CLANG_WARN_SUSPICIOUS_MOVE = YES;
				CLANG_WARN_UNGUARDED_AVAILABILITY = YES_AGGRESSIVE;
				CLANG_WARN_UNREACHABLE_CODE = YES;
				CLANG_WARN__DUPLICATE_METHOD_MATCH = YES;
				COPY_PHASE_STRIP = NO;
				DEBUG_INFORMATION_FORMAT = dwarf;
				ENABLE_STRICT_OBJC_MSGSEND = YES;
				ENABLE_TESTABILITY = YES;
				GCC_C_LANGUAGE_STANDARD = gnu11;
				GCC_DYNAMIC_NO_PIC = NO;
				GCC_NO_COMMON_BLOCKS = YES;
				GCC_OPTIMIZATION_LEVEL = 0;
				GCC_PREPROCESSOR_DEFINITIONS = (
					"DEBUG=1",
					"$(inherited)",
				);
				GCC_WARN_64_TO_32_BIT_CONVERSION = YES;
				GCC_WARN_ABOUT_RETURN_TYPE = YES_ERROR;
				GCC_WARN_UNDECLARED_SELECTOR = YES;
				GCC_WARN_UNINITIALIZED_AUTOS = YES_AGGRESSIVE;
				GCC_WARN_UNUSED_FUNCTION = YES;
				GCC_WARN_UNUSED_VARIABLE = YES;
				IPHONEOS_DEPLOYMENT_TARGET = 15.4;
				MTL_ENABLE_DEBUG_INFO = INCLUDE_SOURCE;
				MTL_FAST_MATH = YES;
				ONLY_ACTIVE_ARCH = YES;
				"OTHER_LDFLAGS[arch=*]" = "-ObjC";
				SDKROOT = iphoneos;
				SWIFT_ACTIVE_COMPILATION_CONDITIONS = DEBUG;
				SWIFT_OPTIMIZATION_LEVEL = "-Onone";
			};
			name = Debug;
		};
		D0DBD96327FEC525007D128F /* Release */ = {
			isa = XCBuildConfiguration;
			buildSettings = {
				ALWAYS_SEARCH_USER_PATHS = NO;
				CLANG_ANALYZER_NONNULL = YES;
				CLANG_ANALYZER_NUMBER_OBJECT_CONVERSION = YES_AGGRESSIVE;
				CLANG_CXX_LANGUAGE_STANDARD = "gnu++17";
				CLANG_ENABLE_MODULES = YES;
				CLANG_ENABLE_OBJC_ARC = YES;
				CLANG_ENABLE_OBJC_WEAK = YES;
				CLANG_WARN_BLOCK_CAPTURE_AUTORELEASING = YES;
				CLANG_WARN_BOOL_CONVERSION = YES;
				CLANG_WARN_COMMA = YES;
				CLANG_WARN_CONSTANT_CONVERSION = YES;
				CLANG_WARN_DEPRECATED_OBJC_IMPLEMENTATIONS = YES;
				CLANG_WARN_DIRECT_OBJC_ISA_USAGE = YES_ERROR;
				CLANG_WARN_DOCUMENTATION_COMMENTS = YES;
				CLANG_WARN_EMPTY_BODY = YES;
				CLANG_WARN_ENUM_CONVERSION = YES;
				CLANG_WARN_INFINITE_RECURSION = YES;
				CLANG_WARN_INT_CONVERSION = YES;
				CLANG_WARN_NON_LITERAL_NULL_CONVERSION = YES;
				CLANG_WARN_OBJC_IMPLICIT_RETAIN_SELF = YES;
				CLANG_WARN_OBJC_LITERAL_CONVERSION = YES;
				CLANG_WARN_OBJC_ROOT_CLASS = YES_ERROR;
				CLANG_WARN_QUOTED_INCLUDE_IN_FRAMEWORK_HEADER = YES;
				CLANG_WARN_RANGE_LOOP_ANALYSIS = YES;
				CLANG_WARN_STRICT_PROTOTYPES = YES;
				CLANG_WARN_SUSPICIOUS_MOVE = YES;
				CLANG_WARN_UNGUARDED_AVAILABILITY = YES_AGGRESSIVE;
				CLANG_WARN_UNREACHABLE_CODE = YES;
				CLANG_WARN__DUPLICATE_METHOD_MATCH = YES;
				COPY_PHASE_STRIP = NO;
				DEBUG_INFORMATION_FORMAT = "dwarf-with-dsym";
				ENABLE_NS_ASSERTIONS = NO;
				ENABLE_STRICT_OBJC_MSGSEND = YES;
				GCC_C_LANGUAGE_STANDARD = gnu11;
				GCC_NO_COMMON_BLOCKS = YES;
				GCC_WARN_64_TO_32_BIT_CONVERSION = YES;
				GCC_WARN_ABOUT_RETURN_TYPE = YES_ERROR;
				GCC_WARN_UNDECLARED_SELECTOR = YES;
				GCC_WARN_UNINITIALIZED_AUTOS = YES_AGGRESSIVE;
				GCC_WARN_UNUSED_FUNCTION = YES;
				GCC_WARN_UNUSED_VARIABLE = YES;
				IPHONEOS_DEPLOYMENT_TARGET = 15.4;
				MTL_ENABLE_DEBUG_INFO = NO;
				MTL_FAST_MATH = YES;
				"OTHER_LDFLAGS[arch=*]" = "-ObjC";
				SDKROOT = iphoneos;
				SWIFT_COMPILATION_MODE = wholemodule;
				SWIFT_OPTIMIZATION_LEVEL = "-O";
				VALIDATE_PRODUCT = YES;
			};
			name = Release;
		};
		D0DBD96527FEC525007D128F /* Debug */ = {
			isa = XCBuildConfiguration;
			buildSettings = {
				ASSETCATALOG_COMPILER_APPICON_NAME = AppIcon;
				ASSETCATALOG_COMPILER_GLOBAL_ACCENT_COLOR_NAME = AccentColor;
				CODE_SIGN_STYLE = Automatic;
				CURRENT_PROJECT_VERSION = 1;
				DEVELOPMENT_TEAM = 68F5DK9B95;
				GENERATE_INFOPLIST_FILE = YES;
				INFOPLIST_FILE = ../Shared/App/Info.plist;
				INFOPLIST_KEY_UIApplicationSupportsIndirectInputEvents = YES;
				INFOPLIST_KEY_UILaunchStoryboardName = LaunchScreen;
				INFOPLIST_KEY_UIMainStoryboardFile = Main;
				INFOPLIST_KEY_UISupportedInterfaceOrientations_iPad = "UIInterfaceOrientationPortrait UIInterfaceOrientationPortraitUpsideDown UIInterfaceOrientationLandscapeLeft UIInterfaceOrientationLandscapeRight";
				INFOPLIST_KEY_UISupportedInterfaceOrientations_iPhone = "UIInterfaceOrientationPortrait UIInterfaceOrientationLandscapeLeft UIInterfaceOrientationLandscapeRight";
				LD_RUNPATH_SEARCH_PATHS = (
					"$(inherited)",
					"@executable_path/Frameworks",
				);
				MARKETING_VERSION = 1.0;
				PRODUCT_BUNDLE_IDENTIFIER = "com.contentsquare.iOS-sample-app";
				PRODUCT_NAME = "$(TARGET_NAME)";
				SWIFT_EMIT_LOC_STRINGS = YES;
				SWIFT_VERSION = 5.0;
				TARGETED_DEVICE_FAMILY = "1,2";
			};
			name = Debug;
		};
		D0DBD96627FEC525007D128F /* Release */ = {
			isa = XCBuildConfiguration;
			buildSettings = {
				ASSETCATALOG_COMPILER_APPICON_NAME = AppIcon;
				ASSETCATALOG_COMPILER_GLOBAL_ACCENT_COLOR_NAME = AccentColor;
				CODE_SIGN_STYLE = Automatic;
				CURRENT_PROJECT_VERSION = 1;
				DEVELOPMENT_TEAM = 68F5DK9B95;
				GENERATE_INFOPLIST_FILE = YES;
				INFOPLIST_FILE = ../Shared/App/Info.plist;
				INFOPLIST_KEY_UIApplicationSupportsIndirectInputEvents = YES;
				INFOPLIST_KEY_UILaunchStoryboardName = LaunchScreen;
				INFOPLIST_KEY_UIMainStoryboardFile = Main;
				INFOPLIST_KEY_UISupportedInterfaceOrientations_iPad = "UIInterfaceOrientationPortrait UIInterfaceOrientationPortraitUpsideDown UIInterfaceOrientationLandscapeLeft UIInterfaceOrientationLandscapeRight";
				INFOPLIST_KEY_UISupportedInterfaceOrientations_iPhone = "UIInterfaceOrientationPortrait UIInterfaceOrientationLandscapeLeft UIInterfaceOrientationLandscapeRight";
				LD_RUNPATH_SEARCH_PATHS = (
					"$(inherited)",
					"@executable_path/Frameworks",
				);
				MARKETING_VERSION = 1.0;
				PRODUCT_BUNDLE_IDENTIFIER = "com.contentsquare.iOS-sample-app";
				PRODUCT_NAME = "$(TARGET_NAME)";
				SWIFT_EMIT_LOC_STRINGS = YES;
				SWIFT_VERSION = 5.0;
				TARGETED_DEVICE_FAMILY = "1,2";
			};
			name = Release;
		};
/* End XCBuildConfiguration section */

/* Begin XCConfigurationList section */
		D0DBD94B27FEC524007D128F /* Build configuration list for PBXProject "SPM-sample-app" */ = {
			isa = XCConfigurationList;
			buildConfigurations = (
				D0DBD96227FEC525007D128F /* Debug */,
				D0DBD96327FEC525007D128F /* Release */,
			);
			defaultConfigurationIsVisible = 0;
			defaultConfigurationName = Release;
		};
		D0DBD96427FEC525007D128F /* Build configuration list for PBXNativeTarget "SPM-sample-app" */ = {
			isa = XCConfigurationList;
			buildConfigurations = (
				D0DBD96527FEC525007D128F /* Debug */,
				D0DBD96627FEC525007D128F /* Release */,
			);
			defaultConfigurationIsVisible = 0;
			defaultConfigurationName = Release;
		};
/* End XCConfigurationList section */

/* Begin XCRemoteSwiftPackageReference section */
		FBAC39922950827C00DCFCD4 /* XCRemoteSwiftPackageReference "CS_iOS_SDK" */ = {
			isa = XCRemoteSwiftPackageReference;
			repositoryURL = "https://github.com/ContentSquare/CS_iOS_SDK.git";
			requirement = {
				kind = upToNextMajorVersion;
				minimumVersion = 4.32.0;
			};
		};
/* End XCRemoteSwiftPackageReference section */

/* Begin XCSwiftPackageProductDependency section */
		FBAC39952950827C00DCFCD4 /* ContentsquareModule */ = {
			isa = XCSwiftPackageProductDependency;
			package = FBAC39922950827C00DCFCD4 /* XCRemoteSwiftPackageReference "CS_iOS_SDK" */;
			productName = ContentsquareModule;
		};
/* End XCSwiftPackageProductDependency section */
	};
	rootObject = D0DBD94827FEC524007D128F /* Project object */;
}
